// !$*UTF8*$!
{
	archiveVersion = 1;
	classes = {
	};
	objectVersion = 46;
	objects = {

/* Begin PBXBuildFile section */
		1D44AB901EE686CD00AE180B /* BKImageClassModel.m in Sources */ = {isa = PBXBuildFile; fileRef = 1D44AB8B1EE686CD00AE180B /* BKImageClassModel.m */; };
		1D44AB911EE686CD00AE180B /* BKImageClassTableViewCell.m in Sources */ = {isa = PBXBuildFile; fileRef = 1D44AB8D1EE686CD00AE180B /* BKImageClassTableViewCell.m */; };
		1D44AB921EE686CD00AE180B /* BKImageClassViewController.m in Sources */ = {isa = PBXBuildFile; fileRef = 1D44AB8F1EE686CD00AE180B /* BKImageClassViewController.m */; };
		1D96639A1EE68A75000ECBF8 /* BKImageAlbumItemSelectButton.m in Sources */ = {isa = PBXBuildFile; fileRef = 1D9663901EE68A75000ECBF8 /* BKImageAlbumItemSelectButton.m */; };
		1D96639B1EE68A75000ECBF8 /* BKImagePickerCollectionViewCell.m in Sources */ = {isa = PBXBuildFile; fileRef = 1D9663921EE68A75000ECBF8 /* BKImagePickerCollectionViewCell.m */; };
		1D96639C1EE68A75000ECBF8 /* BKImagePickerFooterCollectionReusableView.m in Sources */ = {isa = PBXBuildFile; fileRef = 1D9663941EE68A75000ECBF8 /* BKImagePickerFooterCollectionReusableView.m */; };
		1D96639D1EE68A75000ECBF8 /* BKImagePickerViewController.m in Sources */ = {isa = PBXBuildFile; fileRef = 1D9663961EE68A75000ECBF8 /* BKImagePickerViewController.m */; };
		1D96639E1EE68A75000ECBF8 /* BKImageAlbumItemView.m in Sources */ = {isa = PBXBuildFile; fileRef = 1D9663981EE68A75000ECBF8 /* BKImageAlbumItemView.m */; };
		1DDCD69E1EE53159005903F3 /* BKImageModel.m in Sources */ = {isa = PBXBuildFile; fileRef = 1DDCD69D1EE53159005903F3 /* BKImageModel.m */; };
		2A06DE381EB6C67500C2CCDF /* FLAnimatedImage.m in Sources */ = {isa = PBXBuildFile; fileRef = 2A06DE341EB6C67500C2CCDF /* FLAnimatedImage.m */; };
		2A06DE391EB6C67500C2CCDF /* FLAnimatedImageView.m in Sources */ = {isa = PBXBuildFile; fileRef = 2A06DE361EB6C67500C2CCDF /* FLAnimatedImageView.m */; };
		2A06DE3A1EB6C67500C2CCDF /* Info.plist in Resources */ = {isa = PBXBuildFile; fileRef = 2A06DE371EB6C67500C2CCDF /* Info.plist */; };
		2A06DE3D1EB6F91E00C2CCDF /* BKEditGradientView.m in Sources */ = {isa = PBXBuildFile; fileRef = 2A06DE3C1EB6F91E00C2CCDF /* BKEditGradientView.m */; };
		2A06DE411EB730F600C2CCDF /* BKDrawLineView.m in Sources */ = {isa = PBXBuildFile; fileRef = 2A06DE401EB730F600C2CCDF /* BKDrawLineView.m */; };
		2A06DE441EB7417800C2CCDF /* BKSelectColorView.m in Sources */ = {isa = PBXBuildFile; fileRef = 2A06DE431EB7417800C2CCDF /* BKSelectColorView.m */; };
		2A16740D1DB2056E00BA7AE0 /* BKShowExampleImageView.m in Sources */ = {isa = PBXBuildFile; fileRef = 2A16740C1DB2056E00BA7AE0 /* BKShowExampleImageView.m */; };
		2A1674101DB2182200BA7AE0 /* BKShowExampleImageCollectionViewFlowLayout.m in Sources */ = {isa = PBXBuildFile; fileRef = 2A16740F1DB2182200BA7AE0 /* BKShowExampleImageCollectionViewFlowLayout.m */; };
		2A1674131DB219D200BA7AE0 /* BKShowExampleImageCollectionViewCell.m in Sources */ = {isa = PBXBuildFile; fileRef = 2A1674121DB219D200BA7AE0 /* BKShowExampleImageCollectionViewCell.m */; };
		2AF9F44D1EC5F71200C216AD /* BKSelectColorMarkView.m in Sources */ = {isa = PBXBuildFile; fileRef = 2AF9F44C1EC5F71200C216AD /* BKSelectColorMarkView.m */; };
		883BB4E41DC864F500952C2D /* BKShowExampleVideoView.m in Sources */ = {isa = PBXBuildFile; fileRef = 883BB4E31DC864F500952C2D /* BKShowExampleVideoView.m */; };
		88500A9F1DAF1D2300102A35 /* main.m in Sources */ = {isa = PBXBuildFile; fileRef = 88500A9E1DAF1D2300102A35 /* main.m */; };
		88500AA21DAF1D2300102A35 /* AppDelegate.m in Sources */ = {isa = PBXBuildFile; fileRef = 88500AA11DAF1D2300102A35 /* AppDelegate.m */; };
		88500AA51DAF1D2300102A35 /* ViewController.m in Sources */ = {isa = PBXBuildFile; fileRef = 88500AA41DAF1D2300102A35 /* ViewController.m */; };
		88500AAA1DAF1D2300102A35 /* Assets.xcassets in Resources */ = {isa = PBXBuildFile; fileRef = 88500AA91DAF1D2300102A35 /* Assets.xcassets */; };
		88500AAD1DAF1D2300102A35 /* LaunchScreen.storyboard in Resources */ = {isa = PBXBuildFile; fileRef = 88500AAB1DAF1D2300102A35 /* LaunchScreen.storyboard */; };
		88500AB81DAF231500102A35 /* BKImagePicker.m in Sources */ = {isa = PBXBuildFile; fileRef = 88500AB71DAF231500102A35 /* BKImagePicker.m */; };
		88506A7C1DB9B5AF0043F3E0 /* BKImage.bundle in Resources */ = {isa = PBXBuildFile; fileRef = 88506A7B1DB9B5AF0043F3E0 /* BKImage.bundle */; };
		88C5ACA31E163BA70044FDAA /* UIView+BKExpand.m in Sources */ = {isa = PBXBuildFile; fileRef = 88C5ACA21E163BA70044FDAA /* UIView+BKExpand.m */; };
		88C5ACAA1E163F240044FDAA /* BKImagePickerConst.m in Sources */ = {isa = PBXBuildFile; fileRef = 88C5ACA91E163F240044FDAA /* BKImagePickerConst.m */; };
		88C5ACAF1E164B310044FDAA /* BKTool.m in Sources */ = {isa = PBXBuildFile; fileRef = 88C5ACAD1E164B310044FDAA /* BKTool.m */; };
		88D953011E2F510500D583D0 /* BKEditPhotoView.m in Sources */ = {isa = PBXBuildFile; fileRef = 88D953001E2F510500D583D0 /* BKEditPhotoView.m */; };
/* End PBXBuildFile section */

/* Begin PBXFileReference section */
		1D44AB8A1EE686CD00AE180B /* BKImageClassModel.h */ = {isa = PBXFileReference; fileEncoding = 4; lastKnownFileType = sourcecode.c.h; path = BKImageClassModel.h; sourceTree = "<group>"; };
		1D44AB8B1EE686CD00AE180B /* BKImageClassModel.m */ = {isa = PBXFileReference; fileEncoding = 4; lastKnownFileType = sourcecode.c.objc; path = BKImageClassModel.m; sourceTree = "<group>"; };
		1D44AB8C1EE686CD00AE180B /* BKImageClassTableViewCell.h */ = {isa = PBXFileReference; fileEncoding = 4; lastKnownFileType = sourcecode.c.h; path = BKImageClassTableViewCell.h; sourceTree = "<group>"; };
		1D44AB8D1EE686CD00AE180B /* BKImageClassTableViewCell.m */ = {isa = PBXFileReference; fileEncoding = 4; lastKnownFileType = sourcecode.c.objc; path = BKImageClassTableViewCell.m; sourceTree = "<group>"; };
		1D44AB8E1EE686CD00AE180B /* BKImageClassViewController.h */ = {isa = PBXFileReference; fileEncoding = 4; lastKnownFileType = sourcecode.c.h; path = BKImageClassViewController.h; sourceTree = "<group>"; };
		1D44AB8F1EE686CD00AE180B /* BKImageClassViewController.m */ = {isa = PBXFileReference; fileEncoding = 4; lastKnownFileType = sourcecode.c.objc; path = BKImageClassViewController.m; sourceTree = "<group>"; };
		1D96638F1EE68A75000ECBF8 /* BKImageAlbumItemSelectButton.h */ = {isa = PBXFileReference; fileEncoding = 4; lastKnownFileType = sourcecode.c.h; path = BKImageAlbumItemSelectButton.h; sourceTree = "<group>"; };
		1D9663901EE68A75000ECBF8 /* BKImageAlbumItemSelectButton.m */ = {isa = PBXFileReference; fileEncoding = 4; lastKnownFileType = sourcecode.c.objc; path = BKImageAlbumItemSelectButton.m; sourceTree = "<group>"; };
		1D9663911EE68A75000ECBF8 /* BKImagePickerCollectionViewCell.h */ = {isa = PBXFileReference; fileEncoding = 4; lastKnownFileType = sourcecode.c.h; path = BKImagePickerCollectionViewCell.h; sourceTree = "<group>"; };
		1D9663921EE68A75000ECBF8 /* BKImagePickerCollectionViewCell.m */ = {isa = PBXFileReference; fileEncoding = 4; lastKnownFileType = sourcecode.c.objc; path = BKImagePickerCollectionViewCell.m; sourceTree = "<group>"; };
		1D9663931EE68A75000ECBF8 /* BKImagePickerFooterCollectionReusableView.h */ = {isa = PBXFileReference; fileEncoding = 4; lastKnownFileType = sourcecode.c.h; path = BKImagePickerFooterCollectionReusableView.h; sourceTree = "<group>"; };
		1D9663941EE68A75000ECBF8 /* BKImagePickerFooterCollectionReusableView.m */ = {isa = PBXFileReference; fileEncoding = 4; lastKnownFileType = sourcecode.c.objc; path = BKImagePickerFooterCollectionReusableView.m; sourceTree = "<group>"; };
		1D9663951EE68A75000ECBF8 /* BKImagePickerViewController.h */ = {isa = PBXFileReference; fileEncoding = 4; lastKnownFileType = sourcecode.c.h; path = BKImagePickerViewController.h; sourceTree = "<group>"; };
		1D9663961EE68A75000ECBF8 /* BKImagePickerViewController.m */ = {isa = PBXFileReference; fileEncoding = 4; lastKnownFileType = sourcecode.c.objc; path = BKImagePickerViewController.m; sourceTree = "<group>"; };
		1D9663971EE68A75000ECBF8 /* BKImageAlbumItemView.h */ = {isa = PBXFileReference; fileEncoding = 4; lastKnownFileType = sourcecode.c.h; path = BKImageAlbumItemView.h; sourceTree = "<group>"; };
		1D9663981EE68A75000ECBF8 /* BKImageAlbumItemView.m */ = {isa = PBXFileReference; fileEncoding = 4; lastKnownFileType = sourcecode.c.objc; path = BKImageAlbumItemView.m; sourceTree = "<group>"; };
		1DDCD69C1EE53159005903F3 /* BKImageModel.h */ = {isa = PBXFileReference; fileEncoding = 4; lastKnownFileType = sourcecode.c.h; path = BKImageModel.h; sourceTree = "<group>"; };
		1DDCD69D1EE53159005903F3 /* BKImageModel.m */ = {isa = PBXFileReference; fileEncoding = 4; lastKnownFileType = sourcecode.c.objc; path = BKImageModel.m; sourceTree = "<group>"; };
		2A06DE331EB6C67500C2CCDF /* FLAnimatedImage.h */ = {isa = PBXFileReference; fileEncoding = 4; lastKnownFileType = sourcecode.c.h; path = FLAnimatedImage.h; sourceTree = "<group>"; };
		2A06DE341EB6C67500C2CCDF /* FLAnimatedImage.m */ = {isa = PBXFileReference; fileEncoding = 4; lastKnownFileType = sourcecode.c.objc; path = FLAnimatedImage.m; sourceTree = "<group>"; };
		2A06DE351EB6C67500C2CCDF /* FLAnimatedImageView.h */ = {isa = PBXFileReference; fileEncoding = 4; lastKnownFileType = sourcecode.c.h; path = FLAnimatedImageView.h; sourceTree = "<group>"; };
		2A06DE361EB6C67500C2CCDF /* FLAnimatedImageView.m */ = {isa = PBXFileReference; fileEncoding = 4; lastKnownFileType = sourcecode.c.objc; path = FLAnimatedImageView.m; sourceTree = "<group>"; };
		2A06DE371EB6C67500C2CCDF /* Info.plist */ = {isa = PBXFileReference; fileEncoding = 4; lastKnownFileType = text.plist.xml; path = Info.plist; sourceTree = "<group>"; };
		2A06DE3B1EB6F91E00C2CCDF /* BKEditGradientView.h */ = {isa = PBXFileReference; fileEncoding = 4; lastKnownFileType = sourcecode.c.h; path = BKEditGradientView.h; sourceTree = "<group>"; };
		2A06DE3C1EB6F91E00C2CCDF /* BKEditGradientView.m */ = {isa = PBXFileReference; fileEncoding = 4; lastKnownFileType = sourcecode.c.objc; path = BKEditGradientView.m; sourceTree = "<group>"; };
		2A06DE3F1EB730F600C2CCDF /* BKDrawLineView.h */ = {isa = PBXFileReference; fileEncoding = 4; lastKnownFileType = sourcecode.c.h; path = BKDrawLineView.h; sourceTree = "<group>"; };
		2A06DE401EB730F600C2CCDF /* BKDrawLineView.m */ = {isa = PBXFileReference; fileEncoding = 4; lastKnownFileType = sourcecode.c.objc; path = BKDrawLineView.m; sourceTree = "<group>"; };
		2A06DE421EB7417800C2CCDF /* BKSelectColorView.h */ = {isa = PBXFileReference; fileEncoding = 4; lastKnownFileType = sourcecode.c.h; path = BKSelectColorView.h; sourceTree = "<group>"; };
		2A06DE431EB7417800C2CCDF /* BKSelectColorView.m */ = {isa = PBXFileReference; fileEncoding = 4; lastKnownFileType = sourcecode.c.objc; path = BKSelectColorView.m; sourceTree = "<group>"; };
		2A16740B1DB2056E00BA7AE0 /* BKShowExampleImageView.h */ = {isa = PBXFileReference; fileEncoding = 4; lastKnownFileType = sourcecode.c.h; path = BKShowExampleImageView.h; sourceTree = "<group>"; };
		2A16740C1DB2056E00BA7AE0 /* BKShowExampleImageView.m */ = {isa = PBXFileReference; fileEncoding = 4; lastKnownFileType = sourcecode.c.objc; path = BKShowExampleImageView.m; sourceTree = "<group>"; };
		2A16740E1DB2182200BA7AE0 /* BKShowExampleImageCollectionViewFlowLayout.h */ = {isa = PBXFileReference; fileEncoding = 4; lastKnownFileType = sourcecode.c.h; path = BKShowExampleImageCollectionViewFlowLayout.h; sourceTree = "<group>"; };
		2A16740F1DB2182200BA7AE0 /* BKShowExampleImageCollectionViewFlowLayout.m */ = {isa = PBXFileReference; fileEncoding = 4; lastKnownFileType = sourcecode.c.objc; path = BKShowExampleImageCollectionViewFlowLayout.m; sourceTree = "<group>"; };
		2A1674111DB219D200BA7AE0 /* BKShowExampleImageCollectionViewCell.h */ = {isa = PBXFileReference; fileEncoding = 4; lastKnownFileType = sourcecode.c.h; path = BKShowExampleImageCollectionViewCell.h; sourceTree = "<group>"; };
		2A1674121DB219D200BA7AE0 /* BKShowExampleImageCollectionViewCell.m */ = {isa = PBXFileReference; fileEncoding = 4; lastKnownFileType = sourcecode.c.objc; path = BKShowExampleImageCollectionViewCell.m; sourceTree = "<group>"; };
		2AF9F44B1EC5F71200C216AD /* BKSelectColorMarkView.h */ = {isa = PBXFileReference; fileEncoding = 4; lastKnownFileType = sourcecode.c.h; path = BKSelectColorMarkView.h; sourceTree = "<group>"; };
		2AF9F44C1EC5F71200C216AD /* BKSelectColorMarkView.m */ = {isa = PBXFileReference; fileEncoding = 4; lastKnownFileType = sourcecode.c.objc; path = BKSelectColorMarkView.m; sourceTree = "<group>"; };
		883BB4E21DC864F500952C2D /* BKShowExampleVideoView.h */ = {isa = PBXFileReference; fileEncoding = 4; lastKnownFileType = sourcecode.c.h; path = BKShowExampleVideoView.h; sourceTree = "<group>"; };
		883BB4E31DC864F500952C2D /* BKShowExampleVideoView.m */ = {isa = PBXFileReference; fileEncoding = 4; lastKnownFileType = sourcecode.c.objc; path = BKShowExampleVideoView.m; sourceTree = "<group>"; };
		88500A9A1DAF1D2300102A35 /* BKImagePicker.app */ = {isa = PBXFileReference; explicitFileType = wrapper.application; includeInIndex = 0; path = BKImagePicker.app; sourceTree = BUILT_PRODUCTS_DIR; };
		88500A9E1DAF1D2300102A35 /* main.m */ = {isa = PBXFileReference; lastKnownFileType = sourcecode.c.objc; path = main.m; sourceTree = "<group>"; };
		88500AA01DAF1D2300102A35 /* AppDelegate.h */ = {isa = PBXFileReference; lastKnownFileType = sourcecode.c.h; path = AppDelegate.h; sourceTree = "<group>"; };
		88500AA11DAF1D2300102A35 /* AppDelegate.m */ = {isa = PBXFileReference; lastKnownFileType = sourcecode.c.objc; path = AppDelegate.m; sourceTree = "<group>"; };
		88500AA31DAF1D2300102A35 /* ViewController.h */ = {isa = PBXFileReference; lastKnownFileType = sourcecode.c.h; path = ViewController.h; sourceTree = "<group>"; };
		88500AA41DAF1D2300102A35 /* ViewController.m */ = {isa = PBXFileReference; lastKnownFileType = sourcecode.c.objc; path = ViewController.m; sourceTree = "<group>"; };
		88500AA91DAF1D2300102A35 /* Assets.xcassets */ = {isa = PBXFileReference; lastKnownFileType = folder.assetcatalog; path = Assets.xcassets; sourceTree = "<group>"; };
		88500AAC1DAF1D2300102A35 /* Base */ = {isa = PBXFileReference; lastKnownFileType = file.storyboard; name = Base; path = Base.lproj/LaunchScreen.storyboard; sourceTree = "<group>"; };
		88500AAE1DAF1D2300102A35 /* Info.plist */ = {isa = PBXFileReference; lastKnownFileType = text.plist.xml; path = Info.plist; sourceTree = "<group>"; };
		88500AB61DAF231500102A35 /* BKImagePicker.h */ = {isa = PBXFileReference; fileEncoding = 4; lastKnownFileType = sourcecode.c.h; path = BKImagePicker.h; sourceTree = "<group>"; };
		88500AB71DAF231500102A35 /* BKImagePicker.m */ = {isa = PBXFileReference; fileEncoding = 4; lastKnownFileType = sourcecode.c.objc; path = BKImagePicker.m; sourceTree = "<group>"; };
		88506A7B1DB9B5AF0043F3E0 /* BKImage.bundle */ = {isa = PBXFileReference; lastKnownFileType = "wrapper.plug-in"; path = BKImage.bundle; sourceTree = "<group>"; };
		88C5ACA11E163BA70044FDAA /* UIView+BKExpand.h */ = {isa = PBXFileReference; fileEncoding = 4; lastKnownFileType = sourcecode.c.h; path = "UIView+BKExpand.h"; sourceTree = "<group>"; };
		88C5ACA21E163BA70044FDAA /* UIView+BKExpand.m */ = {isa = PBXFileReference; fileEncoding = 4; lastKnownFileType = sourcecode.c.objc; path = "UIView+BKExpand.m"; sourceTree = "<group>"; };
		88C5ACA91E163F240044FDAA /* BKImagePickerConst.m */ = {isa = PBXFileReference; fileEncoding = 4; lastKnownFileType = sourcecode.c.objc; path = BKImagePickerConst.m; sourceTree = "<group>"; };
		88C5ACAC1E1640330044FDAA /* BKImagePickerConst.h */ = {isa = PBXFileReference; lastKnownFileType = sourcecode.c.h; path = BKImagePickerConst.h; sourceTree = "<group>"; };
		88C5ACAD1E164B310044FDAA /* BKTool.m */ = {isa = PBXFileReference; fileEncoding = 4; lastKnownFileType = sourcecode.c.objc; path = BKTool.m; sourceTree = "<group>"; };
		88C5ACAE1E164B310044FDAA /* BKTool.h */ = {isa = PBXFileReference; fileEncoding = 4; lastKnownFileType = sourcecode.c.h; path = BKTool.h; sourceTree = "<group>"; };
		88C5ACB61E164DB70044FDAA /* zh-Hans */ = {isa = PBXFileReference; lastKnownFileType = text.plist.strings; name = "zh-Hans"; path = "zh-Hans.lproj/LaunchScreen.strings"; sourceTree = "<group>"; };
		88D952FF1E2F510500D583D0 /* BKEditPhotoView.h */ = {isa = PBXFileReference; fileEncoding = 4; lastKnownFileType = sourcecode.c.h; path = BKEditPhotoView.h; sourceTree = "<group>"; };
		88D953001E2F510500D583D0 /* BKEditPhotoView.m */ = {isa = PBXFileReference; fileEncoding = 4; lastKnownFileType = sourcecode.c.objc; path = BKEditPhotoView.m; sourceTree = "<group>"; };
/* End PBXFileReference section */

/* Begin PBXFrameworksBuildPhase section */
		88500A971DAF1D2300102A35 /* Frameworks */ = {
			isa = PBXFrameworksBuildPhase;
			buildActionMask = 2147483647;
			files = (
			);
			runOnlyForDeploymentPostprocessing = 0;
		};
/* End PBXFrameworksBuildPhase section */

/* Begin PBXGroup section */
		1D44AB891EE686CD00AE180B /* AlbumList */ = {
			isa = PBXGroup;
			children = (
				1D44AB8A1EE686CD00AE180B /* BKImageClassModel.h */,
				1D44AB8B1EE686CD00AE180B /* BKImageClassModel.m */,
				1D44AB8C1EE686CD00AE180B /* BKImageClassTableViewCell.h */,
				1D44AB8D1EE686CD00AE180B /* BKImageClassTableViewCell.m */,
				1D44AB8E1EE686CD00AE180B /* BKImageClassViewController.h */,
				1D44AB8F1EE686CD00AE180B /* BKImageClassViewController.m */,
			);
			path = AlbumList;
			sourceTree = "<group>";
		};
		1D96638C1EE68A75000ECBF8 /* AlbumPhotoList */ = {
			isa = PBXGroup;
			children = (
				1D9663951EE68A75000ECBF8 /* BKImagePickerViewController.h */,
				1D9663961EE68A75000ECBF8 /* BKImagePickerViewController.m */,
				1D9663911EE68A75000ECBF8 /* BKImagePickerCollectionViewCell.h */,
				1D9663921EE68A75000ECBF8 /* BKImagePickerCollectionViewCell.m */,
				1D96638F1EE68A75000ECBF8 /* BKImageAlbumItemSelectButton.h */,
				1D9663901EE68A75000ECBF8 /* BKImageAlbumItemSelectButton.m */,
				1D9663971EE68A75000ECBF8 /* BKImageAlbumItemView.h */,
				1D9663981EE68A75000ECBF8 /* BKImageAlbumItemView.m */,
				1D9663931EE68A75000ECBF8 /* BKImagePickerFooterCollectionReusableView.h */,
				1D9663941EE68A75000ECBF8 /* BKImagePickerFooterCollectionReusableView.m */,
			);
			path = AlbumPhotoList;
			sourceTree = "<group>";
		};
		2A06DE321EB6C67500C2CCDF /* FLAnimatedImage */ = {
			isa = PBXGroup;
			children = (
				2A06DE331EB6C67500C2CCDF /* FLAnimatedImage.h */,
				2A06DE341EB6C67500C2CCDF /* FLAnimatedImage.m */,
				2A06DE351EB6C67500C2CCDF /* FLAnimatedImageView.h */,
				2A06DE361EB6C67500C2CCDF /* FLAnimatedImageView.m */,
				2A06DE371EB6C67500C2CCDF /* Info.plist */,
			);
			path = FLAnimatedImage;
			sourceTree = "<group>";
		};
		2A1673FB1DB204A600BA7AE0 /* PhotoAlbum */ = {
			isa = PBXGroup;
			children = (
				1D44AB891EE686CD00AE180B /* AlbumList */,
				1D96638C1EE68A75000ECBF8 /* AlbumPhotoList */,
				2A16740B1DB2056E00BA7AE0 /* BKShowExampleImageView.h */,
				2A16740C1DB2056E00BA7AE0 /* BKShowExampleImageView.m */,
				2A16740E1DB2182200BA7AE0 /* BKShowExampleImageCollectionViewFlowLayout.h */,
				2A16740F1DB2182200BA7AE0 /* BKShowExampleImageCollectionViewFlowLayout.m */,
				2A1674111DB219D200BA7AE0 /* BKShowExampleImageCollectionViewCell.h */,
				2A1674121DB219D200BA7AE0 /* BKShowExampleImageCollectionViewCell.m */,
				883BB4E21DC864F500952C2D /* BKShowExampleVideoView.h */,
				883BB4E31DC864F500952C2D /* BKShowExampleVideoView.m */,
			);
			name = PhotoAlbum;
			path = photoAlbum;
			sourceTree = "<group>";
		};
		88500A911DAF1D2300102A35 = {
			isa = PBXGroup;
			children = (
				88500A9C1DAF1D2300102A35 /* BKImagePicker */,
				88500A9B1DAF1D2300102A35 /* Products */,
			);
			sourceTree = "<group>";
		};
		88500A9B1DAF1D2300102A35 /* Products */ = {
			isa = PBXGroup;
			children = (
				88500A9A1DAF1D2300102A35 /* BKImagePicker.app */,
			);
			name = Products;
			sourceTree = "<group>";
		};
		88500A9C1DAF1D2300102A35 /* BKImagePicker */ = {
			isa = PBXGroup;
			children = (
				2A06DE321EB6C67500C2CCDF /* FLAnimatedImage */,
				88500AB41DAF1FB000102A35 /* BKImagePicker */,
				88500AA01DAF1D2300102A35 /* AppDelegate.h */,
				88500AA11DAF1D2300102A35 /* AppDelegate.m */,
				88500AA31DAF1D2300102A35 /* ViewController.h */,
				88500AA41DAF1D2300102A35 /* ViewController.m */,
				88500AA91DAF1D2300102A35 /* Assets.xcassets */,
				88500AAB1DAF1D2300102A35 /* LaunchScreen.storyboard */,
				88500A9D1DAF1D2300102A35 /* Supporting Files */,
			);
			path = BKImagePicker;
			sourceTree = "<group>";
		};
		88500A9D1DAF1D2300102A35 /* Supporting Files */ = {
			isa = PBXGroup;
			children = (
				88500A9E1DAF1D2300102A35 /* main.m */,
				88500AAE1DAF1D2300102A35 /* Info.plist */,
			);
			name = "Supporting Files";
			sourceTree = "<group>";
		};
		88500AB41DAF1FB000102A35 /* BKImagePicker */ = {
			isa = PBXGroup;
			children = (
				2A1673FB1DB204A600BA7AE0 /* PhotoAlbum */,
				88D952FE1E2F4FDC00D583D0 /* EditPhoto */,
				88500AB61DAF231500102A35 /* BKImagePicker.h */,
				88500AB71DAF231500102A35 /* BKImagePicker.m */,
				88C5ACAC1E1640330044FDAA /* BKImagePickerConst.h */,
				88C5ACA91E163F240044FDAA /* BKImagePickerConst.m */,
				88C5ACA11E163BA70044FDAA /* UIView+BKExpand.h */,
				88C5ACA21E163BA70044FDAA /* UIView+BKExpand.m */,
				88C5ACAE1E164B310044FDAA /* BKTool.h */,
				88C5ACAD1E164B310044FDAA /* BKTool.m */,
				1DDCD69C1EE53159005903F3 /* BKImageModel.h */,
				1DDCD69D1EE53159005903F3 /* BKImageModel.m */,
				88506A7B1DB9B5AF0043F3E0 /* BKImage.bundle */,
			);
			path = BKImagePicker;
			sourceTree = "<group>";
		};
		88D952FE1E2F4FDC00D583D0 /* EditPhoto */ = {
			isa = PBXGroup;
			children = (
				88D952FF1E2F510500D583D0 /* BKEditPhotoView.h */,
				88D953001E2F510500D583D0 /* BKEditPhotoView.m */,
				2A06DE3B1EB6F91E00C2CCDF /* BKEditGradientView.h */,
				2A06DE3C1EB6F91E00C2CCDF /* BKEditGradientView.m */,
				2A06DE3F1EB730F600C2CCDF /* BKDrawLineView.h */,
				2A06DE401EB730F600C2CCDF /* BKDrawLineView.m */,
				2A06DE421EB7417800C2CCDF /* BKSelectColorView.h */,
				2A06DE431EB7417800C2CCDF /* BKSelectColorView.m */,
				2AF9F44B1EC5F71200C216AD /* BKSelectColorMarkView.h */,
				2AF9F44C1EC5F71200C216AD /* BKSelectColorMarkView.m */,
			);
			path = EditPhoto;
			sourceTree = "<group>";
		};
/* End PBXGroup section */

/* Begin PBXNativeTarget section */
		88500A991DAF1D2300102A35 /* BKImagePicker */ = {
			isa = PBXNativeTarget;
			buildConfigurationList = 88500AB11DAF1D2300102A35 /* Build configuration list for PBXNativeTarget "BKImagePicker" */;
			buildPhases = (
				88500A961DAF1D2300102A35 /* Sources */,
				88500A971DAF1D2300102A35 /* Frameworks */,
				88500A981DAF1D2300102A35 /* Resources */,
			);
			buildRules = (
			);
			dependencies = (
			);
			name = BKImagePicker;
			productName = BKImagePicker;
			productReference = 88500A9A1DAF1D2300102A35 /* BKImagePicker.app */;
			productType = "com.apple.product-type.application";
		};
/* End PBXNativeTarget section */

/* Begin PBXProject section */
		88500A921DAF1D2300102A35 /* Project object */ = {
			isa = PBXProject;
			attributes = {
				CLASSPREFIX = BK;
				LastUpgradeCheck = 0830;
				ORGANIZATIONNAME = BIKE;
				TargetAttributes = {
					88500A991DAF1D2300102A35 = {
						CreatedOnToolsVersion = 8.0;
						DevelopmentTeam = 779S864B3K;
						ProvisioningStyle = Automatic;
					};
				};
			};
			buildConfigurationList = 88500A951DAF1D2300102A35 /* Build configuration list for PBXProject "BKImagePicker" */;
			compatibilityVersion = "Xcode 3.2";
			developmentRegion = English;
			hasScannedForEncodings = 0;
			knownRegions = (
				en,
				Base,
				"zh-Hans",
			);
			mainGroup = 88500A911DAF1D2300102A35;
			productRefGroup = 88500A9B1DAF1D2300102A35 /* Products */;
			projectDirPath = "";
			projectRoot = "";
			targets = (
				88500A991DAF1D2300102A35 /* BKImagePicker */,
			);
		};
/* End PBXProject section */

/* Begin PBXResourcesBuildPhase section */
		88500A981DAF1D2300102A35 /* Resources */ = {
			isa = PBXResourcesBuildPhase;
			buildActionMask = 2147483647;
			files = (
				2A06DE3A1EB6C67500C2CCDF /* Info.plist in Resources */,
				88500AAD1DAF1D2300102A35 /* LaunchScreen.storyboard in Resources */,
				88500AAA1DAF1D2300102A35 /* Assets.xcassets in Resources */,
				88506A7C1DB9B5AF0043F3E0 /* BKImage.bundle in Resources */,
			);
			runOnlyForDeploymentPostprocessing = 0;
		};
/* End PBXResourcesBuildPhase section */

/* Begin PBXSourcesBuildPhase section */
		88500A961DAF1D2300102A35 /* Sources */ = {
			isa = PBXSourcesBuildPhase;
			buildActionMask = 2147483647;
			files = (
				1D44AB921EE686CD00AE180B /* BKImageClassViewController.m in Sources */,
				1D44AB901EE686CD00AE180B /* BKImageClassModel.m in Sources */,
				2A06DE411EB730F600C2CCDF /* BKDrawLineView.m in Sources */,
				2A06DE441EB7417800C2CCDF /* BKSelectColorView.m in Sources */,
				1D96639E1EE68A75000ECBF8 /* BKImageAlbumItemView.m in Sources */,
				883BB4E41DC864F500952C2D /* BKShowExampleVideoView.m in Sources */,
				1D96639D1EE68A75000ECBF8 /* BKImagePickerViewController.m in Sources */,
				2A16740D1DB2056E00BA7AE0 /* BKShowExampleImageView.m in Sources */,
				1D96639B1EE68A75000ECBF8 /* BKImagePickerCollectionViewCell.m in Sources */,
				2A1674101DB2182200BA7AE0 /* BKShowExampleImageCollectionViewFlowLayout.m in Sources */,
				88500AB81DAF231500102A35 /* BKImagePicker.m in Sources */,
				2A06DE381EB6C67500C2CCDF /* FLAnimatedImage.m in Sources */,
				2AF9F44D1EC5F71200C216AD /* BKSelectColorMarkView.m in Sources */,
				2A06DE3D1EB6F91E00C2CCDF /* BKEditGradientView.m in Sources */,
				88C5ACAF1E164B310044FDAA /* BKTool.m in Sources */,
				2A1674131DB219D200BA7AE0 /* BKShowExampleImageCollectionViewCell.m in Sources */,
				88D953011E2F510500D583D0 /* BKEditPhotoView.m in Sources */,
				88C5ACA31E163BA70044FDAA /* UIView+BKExpand.m in Sources */,
				88C5ACAA1E163F240044FDAA /* BKImagePickerConst.m in Sources */,
				88500AA51DAF1D2300102A35 /* ViewController.m in Sources */,
				2A06DE391EB6C67500C2CCDF /* FLAnimatedImageView.m in Sources */,
				1D44AB911EE686CD00AE180B /* BKImageClassTableViewCell.m in Sources */,
				88500AA21DAF1D2300102A35 /* AppDelegate.m in Sources */,
				1D96639A1EE68A75000ECBF8 /* BKImageAlbumItemSelectButton.m in Sources */,
				88500A9F1DAF1D2300102A35 /* main.m in Sources */,
				1DDCD69E1EE53159005903F3 /* BKImageModel.m in Sources */,
				1D96639C1EE68A75000ECBF8 /* BKImagePickerFooterCollectionReusableView.m in Sources */,
			);
			runOnlyForDeploymentPostprocessing = 0;
		};
/* End PBXSourcesBuildPhase section */

/* Begin PBXVariantGroup section */
		88500AAB1DAF1D2300102A35 /* LaunchScreen.storyboard */ = {
			isa = PBXVariantGroup;
			children = (
				88500AAC1DAF1D2300102A35 /* Base */,
				88C5ACB61E164DB70044FDAA /* zh-Hans */,
			);
			name = LaunchScreen.storyboard;
			sourceTree = "<group>";
		};
/* End PBXVariantGroup section */

/* Begin XCBuildConfiguration section */
		88500AAF1DAF1D2300102A35 /* Debug */ = {
			isa = XCBuildConfiguration;
			buildSettings = {
				ALWAYS_SEARCH_USER_PATHS = NO;
				CLANG_ANALYZER_LOCALIZABILITY_NONLOCALIZED = YES;
				CLANG_ANALYZER_NONNULL = YES;
				CLANG_CXX_LANGUAGE_STANDARD = "gnu++0x";
				CLANG_CXX_LIBRARY = "libc++";
				CLANG_ENABLE_MODULES = YES;
				CLANG_ENABLE_OBJC_ARC = YES;
				CLANG_WARN_BOOL_CONVERSION = YES;
				CLANG_WARN_CONSTANT_CONVERSION = YES;
				CLANG_WARN_DIRECT_OBJC_ISA_USAGE = YES_ERROR;
				CLANG_WARN_DOCUMENTATION_COMMENTS = YES;
				CLANG_WARN_EMPTY_BODY = YES;
				CLANG_WARN_ENUM_CONVERSION = YES;
				CLANG_WARN_INFINITE_RECURSION = YES;
				CLANG_WARN_INT_CONVERSION = YES;
				CLANG_WARN_OBJC_ROOT_CLASS = YES_ERROR;
				CLANG_WARN_SUSPICIOUS_MOVE = YES;
				CLANG_WARN_SUSPICIOUS_MOVES = YES;
				CLANG_WARN_UNREACHABLE_CODE = YES;
				CLANG_WARN__DUPLICATE_METHOD_MATCH = YES;
				"CODE_SIGN_IDENTITY[sdk=iphoneos*]" = "iPhone Developer";
				COPY_PHASE_STRIP = NO;
				DEBUG_INFORMATION_FORMAT = dwarf;
				ENABLE_STRICT_OBJC_MSGSEND = YES;
				ENABLE_TESTABILITY = YES;
				GCC_C_LANGUAGE_STANDARD = gnu99;
				GCC_DYNAMIC_NO_PIC = NO;
				GCC_NO_COMMON_BLOCKS = YES;
				GCC_OPTIMIZATION_LEVEL = 0;
				GCC_PREPROCESSOR_DEFINITIONS = (
					"DEBUG=1",
					"$(inherited)",
				);
				GCC_WARN_64_TO_32_BIT_CONVERSION = YES;
				GCC_WARN_ABOUT_RETURN_TYPE = YES_ERROR;
				GCC_WARN_UNDECLARED_SELECTOR = YES;
				GCC_WARN_UNINITIALIZED_AUTOS = YES_AGGRESSIVE;
				GCC_WARN_UNUSED_FUNCTION = YES;
				GCC_WARN_UNUSED_VARIABLE = YES;
				IPHONEOS_DEPLOYMENT_TARGET = 8.0;
				MTL_ENABLE_DEBUG_INFO = YES;
				ONLY_ACTIVE_ARCH = YES;
				SDKROOT = iphoneos;
			};
			name = Debug;
		};
		88500AB01DAF1D2300102A35 /* Release */ = {
			isa = XCBuildConfiguration;
			buildSettings = {
				ALWAYS_SEARCH_USER_PATHS = NO;
				CLANG_ANALYZER_LOCALIZABILITY_NONLOCALIZED = YES;
				CLANG_ANALYZER_NONNULL = YES;
				CLANG_CXX_LANGUAGE_STANDARD = "gnu++0x";
				CLANG_CXX_LIBRARY = "libc++";
				CLANG_ENABLE_MODULES = YES;
				CLANG_ENABLE_OBJC_ARC = YES;
				CLANG_WARN_BOOL_CONVERSION = YES;
				CLANG_WARN_CONSTANT_CONVERSION = YES;
				CLANG_WARN_DIRECT_OBJC_ISA_USAGE = YES_ERROR;
				CLANG_WARN_DOCUMENTATION_COMMENTS = YES;
				CLANG_WARN_EMPTY_BODY = YES;
				CLANG_WARN_ENUM_CONVERSION = YES;
				CLANG_WARN_INFINITE_RECURSION = YES;
				CLANG_WARN_INT_CONVERSION = YES;
				CLANG_WARN_OBJC_ROOT_CLASS = YES_ERROR;
				CLANG_WARN_SUSPICIOUS_MOVE = YES;
				CLANG_WARN_SUSPICIOUS_MOVES = YES;
				CLANG_WARN_UNREACHABLE_CODE = YES;
				CLANG_WARN__DUPLICATE_METHOD_MATCH = YES;
				"CODE_SIGN_IDENTITY[sdk=iphoneos*]" = "iPhone Developer";
				COPY_PHASE_STRIP = NO;
				DEBUG_INFORMATION_FORMAT = "dwarf-with-dsym";
				ENABLE_NS_ASSERTIONS = NO;
				ENABLE_STRICT_OBJC_MSGSEND = YES;
				GCC_C_LANGUAGE_STANDARD = gnu99;
				GCC_NO_COMMON_BLOCKS = YES;
				GCC_WARN_64_TO_32_BIT_CONVERSION = YES;
				GCC_WARN_ABOUT_RETURN_TYPE = YES_ERROR;
				GCC_WARN_UNDECLARED_SELECTOR = YES;
				GCC_WARN_UNINITIALIZED_AUTOS = YES_AGGRESSIVE;
				GCC_WARN_UNUSED_FUNCTION = YES;
				GCC_WARN_UNUSED_VARIABLE = YES;
				IPHONEOS_DEPLOYMENT_TARGET = 8.0;
				MTL_ENABLE_DEBUG_INFO = NO;
				SDKROOT = iphoneos;
				VALIDATE_PRODUCT = YES;
			};
			name = Release;
		};
		88500AB21DAF1D2300102A35 /* Debug */ = {
			isa = XCBuildConfiguration;
			buildSettings = {
				ASSETCATALOG_COMPILER_APPICON_NAME = AppIcon;
				"CODE_SIGN_IDENTITY[sdk=iphoneos*]" = "iPhone Developer";
				DEVELOPMENT_TEAM = 779S864B3K;
				INFOPLIST_FILE = BKImagePicker/Info.plist;
				IPHONEOS_DEPLOYMENT_TARGET = 8.0;
				LD_RUNPATH_SEARCH_PATHS = "$(inherited) @executable_path/Frameworks";
				PRODUCT_BUNDLE_IDENTIFIER = BIKE.BKImagePicker;
				PRODUCT_NAME = "$(TARGET_NAME)";
				PROVISIONING_PROFILE = "";
				PROVISIONING_PROFILE_SPECIFIER = "";
			};
			name = Debug;
		};
		88500AB31DAF1D2300102A35 /* Release */ = {
			isa = XCBuildConfiguration;
			buildSettings = {
				ASSETCATALOG_COMPILER_APPICON_NAME = AppIcon;
				"CODE_SIGN_IDENTITY[sdk=iphoneos*]" = "iPhone Developer";
				DEVELOPMENT_TEAM = 779S864B3K;
				INFOPLIST_FILE = BKImagePicker/Info.plist;
				IPHONEOS_DEPLOYMENT_TARGET = 8.0;
				LD_RUNPATH_SEARCH_PATHS = "$(inherited) @executable_path/Frameworks";
				PRODUCT_BUNDLE_IDENTIFIER = BIKE.BKImagePicker;
				PRODUCT_NAME = "$(TARGET_NAME)";
			};
			name = Release;
		};
/* End XCBuildConfiguration section */

/* Begin XCConfigurationList section */
		88500A951DAF1D2300102A35 /* Build configuration list for PBXProject "BKImagePicker" */ = {
			isa = XCConfigurationList;
			buildConfigurations = (
				88500AAF1DAF1D2300102A35 /* Debug */,
				88500AB01DAF1D2300102A35 /* Release */,
			);
			defaultConfigurationIsVisible = 0;
			defaultConfigurationName = Release;
		};
		88500AB11DAF1D2300102A35 /* Build configuration list for PBXNativeTarget "BKImagePicker" */ = {
			isa = XCConfigurationList;
			buildConfigurations = (
				88500AB21DAF1D2300102A35 /* Debug */,
				88500AB31DAF1D2300102A35 /* Release */,
			);
			defaultConfigurationIsVisible = 0;
			defaultConfigurationName = Release;
		};
/* End XCConfigurationList section */
	};
	rootObject = 88500A921DAF1D2300102A35 /* Project object */;
}
