// !$*UTF8*$!
{
	archiveVersion = 1;
	classes = {
	};
	objectVersion = 46;
	objects = {

/* Begin PBXBuildFile section */
		2A1674061DB204A600BA7AE0 /* BKImageClassTableViewCell.m in Sources */ = {isa = PBXBuildFile; fileRef = 2A1673FD1DB204A600BA7AE0 /* BKImageClassTableViewCell.m */; };
		2A1674071DB204A600BA7AE0 /* BKImageClassViewController.m in Sources */ = {isa = PBXBuildFile; fileRef = 2A1673FF1DB204A600BA7AE0 /* BKImageClassViewController.m */; };
		2A1674081DB204A600BA7AE0 /* BKImagePickerCollectionViewCell.m in Sources */ = {isa = PBXBuildFile; fileRef = 2A1674011DB204A600BA7AE0 /* BKImagePickerCollectionViewCell.m */; };
		2A1674091DB204A600BA7AE0 /* BKImagePickerFooterCollectionReusableView.m in Sources */ = {isa = PBXBuildFile; fileRef = 2A1674031DB204A600BA7AE0 /* BKImagePickerFooterCollectionReusableView.m */; };
		2A16740A1DB204A600BA7AE0 /* BKImagePickerViewController.m in Sources */ = {isa = PBXBuildFile; fileRef = 2A1674051DB204A600BA7AE0 /* BKImagePickerViewController.m */; };
		2A16740D1DB2056E00BA7AE0 /* BKShowExampleImageViewController.m in Sources */ = {isa = PBXBuildFile; fileRef = 2A16740C1DB2056E00BA7AE0 /* BKShowExampleImageViewController.m */; };
		2A1674101DB2182200BA7AE0 /* BKShowExampleImageCollectionViewFlowLayout.m in Sources */ = {isa = PBXBuildFile; fileRef = 2A16740F1DB2182200BA7AE0 /* BKShowExampleImageCollectionViewFlowLayout.m */; };
		2A1674131DB219D200BA7AE0 /* BKShowExampleImageCollectionViewCell.m in Sources */ = {isa = PBXBuildFile; fileRef = 2A1674121DB219D200BA7AE0 /* BKShowExampleImageCollectionViewCell.m */; };
		2AC73EC51DD8A01800CF5B5D /* BKShowExampleGIFView.m in Sources */ = {isa = PBXBuildFile; fileRef = 2AC73EC41DD8A01800CF5B5D /* BKShowExampleGIFView.m */; };
		88291EFB1DB7467600011A68 /* BKTool.m in Sources */ = {isa = PBXBuildFile; fileRef = 88291EFA1DB7467600011A68 /* BKTool.m */; };
		883BB4E11DC828EB00952C2D /* UINavigationItem+BKMargin.m in Sources */ = {isa = PBXBuildFile; fileRef = 883BB4E01DC828EB00952C2D /* UINavigationItem+BKMargin.m */; };
		883BB4E41DC864F500952C2D /* BKShowExampleVideoView.m in Sources */ = {isa = PBXBuildFile; fileRef = 883BB4E31DC864F500952C2D /* BKShowExampleVideoView.m */; };
		88500A9F1DAF1D2300102A35 /* main.m in Sources */ = {isa = PBXBuildFile; fileRef = 88500A9E1DAF1D2300102A35 /* main.m */; };
		88500AA21DAF1D2300102A35 /* AppDelegate.m in Sources */ = {isa = PBXBuildFile; fileRef = 88500AA11DAF1D2300102A35 /* AppDelegate.m */; };
		88500AA51DAF1D2300102A35 /* ViewController.m in Sources */ = {isa = PBXBuildFile; fileRef = 88500AA41DAF1D2300102A35 /* ViewController.m */; };
		88500AAA1DAF1D2300102A35 /* Assets.xcassets in Resources */ = {isa = PBXBuildFile; fileRef = 88500AA91DAF1D2300102A35 /* Assets.xcassets */; };
		88500AAD1DAF1D2300102A35 /* LaunchScreen.storyboard in Resources */ = {isa = PBXBuildFile; fileRef = 88500AAB1DAF1D2300102A35 /* LaunchScreen.storyboard */; };
		88500AB81DAF231500102A35 /* BKImagePicker.m in Sources */ = {isa = PBXBuildFile; fileRef = 88500AB71DAF231500102A35 /* BKImagePicker.m */; };
		88506A7C1DB9B5AF0043F3E0 /* BKImage.bundle in Resources */ = {isa = PBXBuildFile; fileRef = 88506A7B1DB9B5AF0043F3E0 /* BKImage.bundle */; };
		885DC5771DC9D5B400FCEFD4 /* BKVideoAlbumItemView.m in Sources */ = {isa = PBXBuildFile; fileRef = 885DC5761DC9D5B400FCEFD4 /* BKVideoAlbumItemView.m */; };
		885DC57A1DC9DD0C00FCEFD4 /* BKGIFAlbumItemView.m in Sources */ = {isa = PBXBuildFile; fileRef = 885DC5791DC9DD0C00FCEFD4 /* BKGIFAlbumItemView.m */; };
		887192D51DB61DD8007FED28 /* BKImageAlbumItemSelectButton.m in Sources */ = {isa = PBXBuildFile; fileRef = 887192D41DB61DD8007FED28 /* BKImageAlbumItemSelectButton.m */; };
/* End PBXBuildFile section */

/* Begin PBXFileReference section */
		2A1673FC1DB204A600BA7AE0 /* BKImageClassTableViewCell.h */ = {isa = PBXFileReference; fileEncoding = 4; lastKnownFileType = sourcecode.c.h; path = BKImageClassTableViewCell.h; sourceTree = "<group>"; };
		2A1673FD1DB204A600BA7AE0 /* BKImageClassTableViewCell.m */ = {isa = PBXFileReference; fileEncoding = 4; lastKnownFileType = sourcecode.c.objc; path = BKImageClassTableViewCell.m; sourceTree = "<group>"; };
		2A1673FE1DB204A600BA7AE0 /* BKImageClassViewController.h */ = {isa = PBXFileReference; fileEncoding = 4; lastKnownFileType = sourcecode.c.h; path = BKImageClassViewController.h; sourceTree = "<group>"; };
		2A1673FF1DB204A600BA7AE0 /* BKImageClassViewController.m */ = {isa = PBXFileReference; fileEncoding = 4; lastKnownFileType = sourcecode.c.objc; path = BKImageClassViewController.m; sourceTree = "<group>"; };
		2A1674001DB204A600BA7AE0 /* BKImagePickerCollectionViewCell.h */ = {isa = PBXFileReference; fileEncoding = 4; lastKnownFileType = sourcecode.c.h; path = BKImagePickerCollectionViewCell.h; sourceTree = "<group>"; };
		2A1674011DB204A600BA7AE0 /* BKImagePickerCollectionViewCell.m */ = {isa = PBXFileReference; fileEncoding = 4; lastKnownFileType = sourcecode.c.objc; path = BKImagePickerCollectionViewCell.m; sourceTree = "<group>"; };
		2A1674021DB204A600BA7AE0 /* BKImagePickerFooterCollectionReusableView.h */ = {isa = PBXFileReference; fileEncoding = 4; lastKnownFileType = sourcecode.c.h; path = BKImagePickerFooterCollectionReusableView.h; sourceTree = "<group>"; };
		2A1674031DB204A600BA7AE0 /* BKImagePickerFooterCollectionReusableView.m */ = {isa = PBXFileReference; fileEncoding = 4; lastKnownFileType = sourcecode.c.objc; path = BKImagePickerFooterCollectionReusableView.m; sourceTree = "<group>"; };
		2A1674041DB204A600BA7AE0 /* BKImagePickerViewController.h */ = {isa = PBXFileReference; fileEncoding = 4; lastKnownFileType = sourcecode.c.h; path = BKImagePickerViewController.h; sourceTree = "<group>"; };
		2A1674051DB204A600BA7AE0 /* BKImagePickerViewController.m */ = {isa = PBXFileReference; fileEncoding = 4; lastKnownFileType = sourcecode.c.objc; path = BKImagePickerViewController.m; sourceTree = "<group>"; };
		2A16740B1DB2056E00BA7AE0 /* BKShowExampleImageViewController.h */ = {isa = PBXFileReference; fileEncoding = 4; lastKnownFileType = sourcecode.c.h; path = BKShowExampleImageViewController.h; sourceTree = "<group>"; };
		2A16740C1DB2056E00BA7AE0 /* BKShowExampleImageViewController.m */ = {isa = PBXFileReference; fileEncoding = 4; lastKnownFileType = sourcecode.c.objc; path = BKShowExampleImageViewController.m; sourceTree = "<group>"; };
		2A16740E1DB2182200BA7AE0 /* BKShowExampleImageCollectionViewFlowLayout.h */ = {isa = PBXFileReference; fileEncoding = 4; lastKnownFileType = sourcecode.c.h; path = BKShowExampleImageCollectionViewFlowLayout.h; sourceTree = "<group>"; };
		2A16740F1DB2182200BA7AE0 /* BKShowExampleImageCollectionViewFlowLayout.m */ = {isa = PBXFileReference; fileEncoding = 4; lastKnownFileType = sourcecode.c.objc; path = BKShowExampleImageCollectionViewFlowLayout.m; sourceTree = "<group>"; };
		2A1674111DB219D200BA7AE0 /* BKShowExampleImageCollectionViewCell.h */ = {isa = PBXFileReference; fileEncoding = 4; lastKnownFileType = sourcecode.c.h; path = BKShowExampleImageCollectionViewCell.h; sourceTree = "<group>"; };
		2A1674121DB219D200BA7AE0 /* BKShowExampleImageCollectionViewCell.m */ = {isa = PBXFileReference; fileEncoding = 4; lastKnownFileType = sourcecode.c.objc; path = BKShowExampleImageCollectionViewCell.m; sourceTree = "<group>"; };
		2AC73EC31DD8A01800CF5B5D /* BKShowExampleGIFView.h */ = {isa = PBXFileReference; fileEncoding = 4; lastKnownFileType = sourcecode.c.h; path = BKShowExampleGIFView.h; sourceTree = "<group>"; };
		2AC73EC41DD8A01800CF5B5D /* BKShowExampleGIFView.m */ = {isa = PBXFileReference; fileEncoding = 4; lastKnownFileType = sourcecode.c.objc; path = BKShowExampleGIFView.m; sourceTree = "<group>"; };
		88291EF91DB7467600011A68 /* BKTool.h */ = {isa = PBXFileReference; fileEncoding = 4; lastKnownFileType = sourcecode.c.h; path = BKTool.h; sourceTree = "<group>"; };
		88291EFA1DB7467600011A68 /* BKTool.m */ = {isa = PBXFileReference; fileEncoding = 4; lastKnownFileType = sourcecode.c.objc; path = BKTool.m; sourceTree = "<group>"; };
		883BB4DF1DC828EB00952C2D /* UINavigationItem+BKMargin.h */ = {isa = PBXFileReference; fileEncoding = 4; lastKnownFileType = sourcecode.c.h; path = "UINavigationItem+BKMargin.h"; sourceTree = "<group>"; };
		883BB4E01DC828EB00952C2D /* UINavigationItem+BKMargin.m */ = {isa = PBXFileReference; fileEncoding = 4; lastKnownFileType = sourcecode.c.objc; path = "UINavigationItem+BKMargin.m"; sourceTree = "<group>"; };
		883BB4E21DC864F500952C2D /* BKShowExampleVideoView.h */ = {isa = PBXFileReference; fileEncoding = 4; lastKnownFileType = sourcecode.c.h; path = BKShowExampleVideoView.h; sourceTree = "<group>"; };
		883BB4E31DC864F500952C2D /* BKShowExampleVideoView.m */ = {isa = PBXFileReference; fileEncoding = 4; lastKnownFileType = sourcecode.c.objc; path = BKShowExampleVideoView.m; sourceTree = "<group>"; };
		88500A9A1DAF1D2300102A35 /* BKImagePicker.app */ = {isa = PBXFileReference; explicitFileType = wrapper.application; includeInIndex = 0; path = BKImagePicker.app; sourceTree = BUILT_PRODUCTS_DIR; };
		88500A9E1DAF1D2300102A35 /* main.m */ = {isa = PBXFileReference; lastKnownFileType = sourcecode.c.objc; path = main.m; sourceTree = "<group>"; };
		88500AA01DAF1D2300102A35 /* AppDelegate.h */ = {isa = PBXFileReference; lastKnownFileType = sourcecode.c.h; path = AppDelegate.h; sourceTree = "<group>"; };
		88500AA11DAF1D2300102A35 /* AppDelegate.m */ = {isa = PBXFileReference; lastKnownFileType = sourcecode.c.objc; path = AppDelegate.m; sourceTree = "<group>"; };
		88500AA31DAF1D2300102A35 /* ViewController.h */ = {isa = PBXFileReference; lastKnownFileType = sourcecode.c.h; path = ViewController.h; sourceTree = "<group>"; };
		88500AA41DAF1D2300102A35 /* ViewController.m */ = {isa = PBXFileReference; lastKnownFileType = sourcecode.c.objc; path = ViewController.m; sourceTree = "<group>"; };
		88500AA91DAF1D2300102A35 /* Assets.xcassets */ = {isa = PBXFileReference; lastKnownFileType = folder.assetcatalog; path = Assets.xcassets; sourceTree = "<group>"; };
		88500AAC1DAF1D2300102A35 /* Base */ = {isa = PBXFileReference; lastKnownFileType = file.storyboard; name = Base; path = Base.lproj/LaunchScreen.storyboard; sourceTree = "<group>"; };
		88500AAE1DAF1D2300102A35 /* Info.plist */ = {isa = PBXFileReference; lastKnownFileType = text.plist.xml; path = Info.plist; sourceTree = "<group>"; };
		88500AB61DAF231500102A35 /* BKImagePicker.h */ = {isa = PBXFileReference; fileEncoding = 4; lastKnownFileType = sourcecode.c.h; path = BKImagePicker.h; sourceTree = "<group>"; };
		88500AB71DAF231500102A35 /* BKImagePicker.m */ = {isa = PBXFileReference; fileEncoding = 4; lastKnownFileType = sourcecode.c.objc; path = BKImagePicker.m; sourceTree = "<group>"; };
		88506A7B1DB9B5AF0043F3E0 /* BKImage.bundle */ = {isa = PBXFileReference; lastKnownFileType = "wrapper.plug-in"; path = BKImage.bundle; sourceTree = "<group>"; };
		885DC5751DC9D5B400FCEFD4 /* BKVideoAlbumItemView.h */ = {isa = PBXFileReference; fileEncoding = 4; lastKnownFileType = sourcecode.c.h; path = BKVideoAlbumItemView.h; sourceTree = "<group>"; };
		885DC5761DC9D5B400FCEFD4 /* BKVideoAlbumItemView.m */ = {isa = PBXFileReference; fileEncoding = 4; lastKnownFileType = sourcecode.c.objc; path = BKVideoAlbumItemView.m; sourceTree = "<group>"; };
		885DC5781DC9DD0C00FCEFD4 /* BKGIFAlbumItemView.h */ = {isa = PBXFileReference; fileEncoding = 4; lastKnownFileType = sourcecode.c.h; path = BKGIFAlbumItemView.h; sourceTree = "<group>"; };
		885DC5791DC9DD0C00FCEFD4 /* BKGIFAlbumItemView.m */ = {isa = PBXFileReference; fileEncoding = 4; lastKnownFileType = sourcecode.c.objc; path = BKGIFAlbumItemView.m; sourceTree = "<group>"; };
		887192D31DB61DD8007FED28 /* BKImageAlbumItemSelectButton.h */ = {isa = PBXFileReference; fileEncoding = 4; lastKnownFileType = sourcecode.c.h; path = BKImageAlbumItemSelectButton.h; sourceTree = "<group>"; };
		887192D41DB61DD8007FED28 /* BKImageAlbumItemSelectButton.m */ = {isa = PBXFileReference; fileEncoding = 4; lastKnownFileType = sourcecode.c.objc; path = BKImageAlbumItemSelectButton.m; sourceTree = "<group>"; };
/* End PBXFileReference section */

/* Begin PBXFrameworksBuildPhase section */
		88500A971DAF1D2300102A35 /* Frameworks */ = {
			isa = PBXFrameworksBuildPhase;
			buildActionMask = 2147483647;
			files = (
			);
			runOnlyForDeploymentPostprocessing = 0;
		};
/* End PBXFrameworksBuildPhase section */

/* Begin PBXGroup section */
		2A1673FB1DB204A600BA7AE0 /* photoAlbum */ = {
			isa = PBXGroup;
			children = (
				2A1673FE1DB204A600BA7AE0 /* BKImageClassViewController.h */,
				2A1673FF1DB204A600BA7AE0 /* BKImageClassViewController.m */,
				2A1673FC1DB204A600BA7AE0 /* BKImageClassTableViewCell.h */,
				2A1673FD1DB204A600BA7AE0 /* BKImageClassTableViewCell.m */,
				2A1674041DB204A600BA7AE0 /* BKImagePickerViewController.h */,
				2A1674051DB204A600BA7AE0 /* BKImagePickerViewController.m */,
				2A1674001DB204A600BA7AE0 /* BKImagePickerCollectionViewCell.h */,
				2A1674011DB204A600BA7AE0 /* BKImagePickerCollectionViewCell.m */,
				887192D31DB61DD8007FED28 /* BKImageAlbumItemSelectButton.h */,
				887192D41DB61DD8007FED28 /* BKImageAlbumItemSelectButton.m */,
				885DC5751DC9D5B400FCEFD4 /* BKVideoAlbumItemView.h */,
				885DC5761DC9D5B400FCEFD4 /* BKVideoAlbumItemView.m */,
				885DC5781DC9DD0C00FCEFD4 /* BKGIFAlbumItemView.h */,
				885DC5791DC9DD0C00FCEFD4 /* BKGIFAlbumItemView.m */,
				2A1674021DB204A600BA7AE0 /* BKImagePickerFooterCollectionReusableView.h */,
				2A1674031DB204A600BA7AE0 /* BKImagePickerFooterCollectionReusableView.m */,
				2A16740B1DB2056E00BA7AE0 /* BKShowExampleImageViewController.h */,
				2A16740C1DB2056E00BA7AE0 /* BKShowExampleImageViewController.m */,
				2A16740E1DB2182200BA7AE0 /* BKShowExampleImageCollectionViewFlowLayout.h */,
				2A16740F1DB2182200BA7AE0 /* BKShowExampleImageCollectionViewFlowLayout.m */,
				2A1674111DB219D200BA7AE0 /* BKShowExampleImageCollectionViewCell.h */,
				2A1674121DB219D200BA7AE0 /* BKShowExampleImageCollectionViewCell.m */,
				883BB4E21DC864F500952C2D /* BKShowExampleVideoView.h */,
				883BB4E31DC864F500952C2D /* BKShowExampleVideoView.m */,
				2AC73EC31DD8A01800CF5B5D /* BKShowExampleGIFView.h */,
				2AC73EC41DD8A01800CF5B5D /* BKShowExampleGIFView.m */,
				883BB4DF1DC828EB00952C2D /* UINavigationItem+BKMargin.h */,
				883BB4E01DC828EB00952C2D /* UINavigationItem+BKMargin.m */,
				88291EF91DB7467600011A68 /* BKTool.h */,
				88291EFA1DB7467600011A68 /* BKTool.m */,
			);
			path = photoAlbum;
			sourceTree = "<group>";
		};
		88500A911DAF1D2300102A35 = {
			isa = PBXGroup;
			children = (
				88500A9C1DAF1D2300102A35 /* BKImagePicker */,
				88500A9B1DAF1D2300102A35 /* Products */,
			);
			sourceTree = "<group>";
		};
		88500A9B1DAF1D2300102A35 /* Products */ = {
			isa = PBXGroup;
			children = (
				88500A9A1DAF1D2300102A35 /* BKImagePicker.app */,
			);
			name = Products;
			sourceTree = "<group>";
		};
		88500A9C1DAF1D2300102A35 /* BKImagePicker */ = {
			isa = PBXGroup;
			children = (
				88500AB41DAF1FB000102A35 /* BKImagePicker */,
				88500AA01DAF1D2300102A35 /* AppDelegate.h */,
				88500AA11DAF1D2300102A35 /* AppDelegate.m */,
				88500AA31DAF1D2300102A35 /* ViewController.h */,
				88500AA41DAF1D2300102A35 /* ViewController.m */,
				88500AA91DAF1D2300102A35 /* Assets.xcassets */,
				88500AAB1DAF1D2300102A35 /* LaunchScreen.storyboard */,
				88500A9D1DAF1D2300102A35 /* Supporting Files */,
			);
			path = BKImagePicker;
			sourceTree = "<group>";
		};
		88500A9D1DAF1D2300102A35 /* Supporting Files */ = {
			isa = PBXGroup;
			children = (
				88500A9E1DAF1D2300102A35 /* main.m */,
				88500AAE1DAF1D2300102A35 /* Info.plist */,
			);
			name = "Supporting Files";
			sourceTree = "<group>";
		};
		88500AB41DAF1FB000102A35 /* BKImagePicker */ = {
			isa = PBXGroup;
			children = (
				2A1673FB1DB204A600BA7AE0 /* photoAlbum */,
				88500AB61DAF231500102A35 /* BKImagePicker.h */,
				88500AB71DAF231500102A35 /* BKImagePicker.m */,
				88506A7B1DB9B5AF0043F3E0 /* BKImage.bundle */,
			);
			path = BKImagePicker;
			sourceTree = "<group>";
		};
/* End PBXGroup section */

/* Begin PBXNativeTarget section */
		88500A991DAF1D2300102A35 /* BKImagePicker */ = {
			isa = PBXNativeTarget;
			buildConfigurationList = 88500AB11DAF1D2300102A35 /* Build configuration list for PBXNativeTarget "BKImagePicker" */;
			buildPhases = (
				88500A961DAF1D2300102A35 /* Sources */,
				88500A971DAF1D2300102A35 /* Frameworks */,
				88500A981DAF1D2300102A35 /* Resources */,
			);
			buildRules = (
			);
			dependencies = (
			);
			name = BKImagePicker;
			productName = BKImagePicker;
			productReference = 88500A9A1DAF1D2300102A35 /* BKImagePicker.app */;
			productType = "com.apple.product-type.application";
		};
/* End PBXNativeTarget section */

/* Begin PBXProject section */
		88500A921DAF1D2300102A35 /* Project object */ = {
			isa = PBXProject;
			attributes = {
				LastUpgradeCheck = 0800;
				ORGANIZATIONNAME = BIKE;
				TargetAttributes = {
					88500A991DAF1D2300102A35 = {
						CreatedOnToolsVersion = 8.0;
						DevelopmentTeam = 779S864B3K;
						ProvisioningStyle = Automatic;
					};
				};
			};
			buildConfigurationList = 88500A951DAF1D2300102A35 /* Build configuration list for PBXProject "BKImagePicker" */;
			compatibilityVersion = "Xcode 3.2";
			developmentRegion = English;
			hasScannedForEncodings = 0;
			knownRegions = (
				en,
				Base,
			);
			mainGroup = 88500A911DAF1D2300102A35;
			productRefGroup = 88500A9B1DAF1D2300102A35 /* Products */;
			projectDirPath = "";
			projectRoot = "";
			targets = (
				88500A991DAF1D2300102A35 /* BKImagePicker */,
			);
		};
/* End PBXProject section */

/* Begin PBXResourcesBuildPhase section */
		88500A981DAF1D2300102A35 /* Resources */ = {
			isa = PBXResourcesBuildPhase;
			buildActionMask = 2147483647;
			files = (
				88500AAD1DAF1D2300102A35 /* LaunchScreen.storyboard in Resources */,
				88500AAA1DAF1D2300102A35 /* Assets.xcassets in Resources */,
				88506A7C1DB9B5AF0043F3E0 /* BKImage.bundle in Resources */,
			);
			runOnlyForDeploymentPostprocessing = 0;
		};
/* End PBXResourcesBuildPhase section */

/* Begin PBXSourcesBuildPhase section */
		88500A961DAF1D2300102A35 /* Sources */ = {
			isa = PBXSourcesBuildPhase;
			buildActionMask = 2147483647;
			files = (
				2A1674081DB204A600BA7AE0 /* BKImagePickerCollectionViewCell.m in Sources */,
				883BB4E41DC864F500952C2D /* BKShowExampleVideoView.m in Sources */,
				2A16740D1DB2056E00BA7AE0 /* BKShowExampleImageViewController.m in Sources */,
				2A1674061DB204A600BA7AE0 /* BKImageClassTableViewCell.m in Sources */,
				2A1674101DB2182200BA7AE0 /* BKShowExampleImageCollectionViewFlowLayout.m in Sources */,
				88500AB81DAF231500102A35 /* BKImagePicker.m in Sources */,
				887192D51DB61DD8007FED28 /* BKImageAlbumItemSelectButton.m in Sources */,
				885DC57A1DC9DD0C00FCEFD4 /* BKGIFAlbumItemView.m in Sources */,
				2A1674131DB219D200BA7AE0 /* BKShowExampleImageCollectionViewCell.m in Sources */,
				2A1674071DB204A600BA7AE0 /* BKImageClassViewController.m in Sources */,
				885DC5771DC9D5B400FCEFD4 /* BKVideoAlbumItemView.m in Sources */,
				2AC73EC51DD8A01800CF5B5D /* BKShowExampleGIFView.m in Sources */,
				88291EFB1DB7467600011A68 /* BKTool.m in Sources */,
				88500AA51DAF1D2300102A35 /* ViewController.m in Sources */,
				2A16740A1DB204A600BA7AE0 /* BKImagePickerViewController.m in Sources */,
				2A1674091DB204A600BA7AE0 /* BKImagePickerFooterCollectionReusableView.m in Sources */,
				88500AA21DAF1D2300102A35 /* AppDelegate.m in Sources */,
				883BB4E11DC828EB00952C2D /* UINavigationItem+BKMargin.m in Sources */,
				88500A9F1DAF1D2300102A35 /* main.m in Sources */,
			);
			runOnlyForDeploymentPostprocessing = 0;
		};
/* End PBXSourcesBuildPhase section */

/* Begin PBXVariantGroup section */
		88500AAB1DAF1D2300102A35 /* LaunchScreen.storyboard */ = {
			isa = PBXVariantGroup;
			children = (
				88500AAC1DAF1D2300102A35 /* Base */,
			);
			name = LaunchScreen.storyboard;
			sourceTree = "<group>";
		};
/* End PBXVariantGroup section */

/* Begin XCBuildConfiguration section */
		88500AAF1DAF1D2300102A35 /* Debug */ = {
			isa = XCBuildConfiguration;
			buildSettings = {
				ALWAYS_SEARCH_USER_PATHS = NO;
				CLANG_ANALYZER_NONNULL = YES;
				CLANG_CXX_LANGUAGE_STANDARD = "gnu++0x";
				CLANG_CXX_LIBRARY = "libc++";
				CLANG_ENABLE_MODULES = YES;
				CLANG_ENABLE_OBJC_ARC = YES;
				CLANG_WARN_BOOL_CONVERSION = YES;
				CLANG_WARN_CONSTANT_CONVERSION = YES;
				CLANG_WARN_DIRECT_OBJC_ISA_USAGE = YES_ERROR;
				CLANG_WARN_DOCUMENTATION_COMMENTS = YES;
				CLANG_WARN_EMPTY_BODY = YES;
				CLANG_WARN_ENUM_CONVERSION = YES;
				CLANG_WARN_INFINITE_RECURSION = YES;
				CLANG_WARN_INT_CONVERSION = YES;
				CLANG_WARN_OBJC_ROOT_CLASS = YES_ERROR;
				CLANG_WARN_SUSPICIOUS_MOVES = YES;
				CLANG_WARN_UNREACHABLE_CODE = YES;
				CLANG_WARN__DUPLICATE_METHOD_MATCH = YES;
				"CODE_SIGN_IDENTITY[sdk=iphoneos*]" = "iPhone Developer";
				COPY_PHASE_STRIP = NO;
				DEBUG_INFORMATION_FORMAT = dwarf;
				ENABLE_STRICT_OBJC_MSGSEND = YES;
				ENABLE_TESTABILITY = YES;
				GCC_C_LANGUAGE_STANDARD = gnu99;
				GCC_DYNAMIC_NO_PIC = NO;
				GCC_NO_COMMON_BLOCKS = YES;
				GCC_OPTIMIZATION_LEVEL = 0;
				GCC_PREPROCESSOR_DEFINITIONS = (
					"DEBUG=1",
					"$(inherited)",
				);
				GCC_WARN_64_TO_32_BIT_CONVERSION = YES;
				GCC_WARN_ABOUT_RETURN_TYPE = YES_ERROR;
				GCC_WARN_UNDECLARED_SELECTOR = YES;
				GCC_WARN_UNINITIALIZED_AUTOS = YES_AGGRESSIVE;
				GCC_WARN_UNUSED_FUNCTION = YES;
				GCC_WARN_UNUSED_VARIABLE = YES;
				IPHONEOS_DEPLOYMENT_TARGET = 8.0;
				MTL_ENABLE_DEBUG_INFO = YES;
				ONLY_ACTIVE_ARCH = YES;
				SDKROOT = iphoneos;
			};
			name = Debug;
		};
		88500AB01DAF1D2300102A35 /* Release */ = {
			isa = XCBuildConfiguration;
			buildSettings = {
				ALWAYS_SEARCH_USER_PATHS = NO;
				CLANG_ANALYZER_NONNULL = YES;
				CLANG_CXX_LANGUAGE_STANDARD = "gnu++0x";
				CLANG_CXX_LIBRARY = "libc++";
				CLANG_ENABLE_MODULES = YES;
				CLANG_ENABLE_OBJC_ARC = YES;
				CLANG_WARN_BOOL_CONVERSION = YES;
				CLANG_WARN_CONSTANT_CONVERSION = YES;
				CLANG_WARN_DIRECT_OBJC_ISA_USAGE = YES_ERROR;
				CLANG_WARN_DOCUMENTATION_COMMENTS = YES;
				CLANG_WARN_EMPTY_BODY = YES;
				CLANG_WARN_ENUM_CONVERSION = YES;
				CLANG_WARN_INFINITE_RECURSION = YES;
				CLANG_WARN_INT_CONVERSION = YES;
				CLANG_WARN_OBJC_ROOT_CLASS = YES_ERROR;
				CLANG_WARN_SUSPICIOUS_MOVES = YES;
				CLANG_WARN_UNREACHABLE_CODE = YES;
				CLANG_WARN__DUPLICATE_METHOD_MATCH = YES;
				"CODE_SIGN_IDENTITY[sdk=iphoneos*]" = "iPhone Developer";
				COPY_PHASE_STRIP = NO;
				DEBUG_INFORMATION_FORMAT = "dwarf-with-dsym";
				ENABLE_NS_ASSERTIONS = NO;
				ENABLE_STRICT_OBJC_MSGSEND = YES;
				GCC_C_LANGUAGE_STANDARD = gnu99;
				GCC_NO_COMMON_BLOCKS = YES;
				GCC_WARN_64_TO_32_BIT_CONVERSION = YES;
				GCC_WARN_ABOUT_RETURN_TYPE = YES_ERROR;
				GCC_WARN_UNDECLARED_SELECTOR = YES;
				GCC_WARN_UNINITIALIZED_AUTOS = YES_AGGRESSIVE;
				GCC_WARN_UNUSED_FUNCTION = YES;
				GCC_WARN_UNUSED_VARIABLE = YES;
				IPHONEOS_DEPLOYMENT_TARGET = 8.0;
				MTL_ENABLE_DEBUG_INFO = NO;
				SDKROOT = iphoneos;
				VALIDATE_PRODUCT = YES;
			};
			name = Release;
		};
		88500AB21DAF1D2300102A35 /* Debug */ = {
			isa = XCBuildConfiguration;
			buildSettings = {
				ASSETCATALOG_COMPILER_APPICON_NAME = AppIcon;
				"CODE_SIGN_IDENTITY[sdk=iphoneos*]" = "iPhone Developer";
				DEVELOPMENT_TEAM = 779S864B3K;
				INFOPLIST_FILE = BKImagePicker/Info.plist;
				IPHONEOS_DEPLOYMENT_TARGET = 8.0;
				LD_RUNPATH_SEARCH_PATHS = "$(inherited) @executable_path/Frameworks";
				PRODUCT_BUNDLE_IDENTIFIER = BIKE.BKImagePicker;
				PRODUCT_NAME = "$(TARGET_NAME)";
			};
			name = Debug;
		};
		88500AB31DAF1D2300102A35 /* Release */ = {
			isa = XCBuildConfiguration;
			buildSettings = {
				ASSETCATALOG_COMPILER_APPICON_NAME = AppIcon;
				"CODE_SIGN_IDENTITY[sdk=iphoneos*]" = "iPhone Developer";
				DEVELOPMENT_TEAM = 779S864B3K;
				INFOPLIST_FILE = BKImagePicker/Info.plist;
				IPHONEOS_DEPLOYMENT_TARGET = 8.0;
				LD_RUNPATH_SEARCH_PATHS = "$(inherited) @executable_path/Frameworks";
				PRODUCT_BUNDLE_IDENTIFIER = BIKE.BKImagePicker;
				PRODUCT_NAME = "$(TARGET_NAME)";
			};
			name = Release;
		};
/* End XCBuildConfiguration section */

/* Begin XCConfigurationList section */
		88500A951DAF1D2300102A35 /* Build configuration list for PBXProject "BKImagePicker" */ = {
			isa = XCConfigurationList;
			buildConfigurations = (
				88500AAF1DAF1D2300102A35 /* Debug */,
				88500AB01DAF1D2300102A35 /* Release */,
			);
			defaultConfigurationIsVisible = 0;
			defaultConfigurationName = Release;
		};
		88500AB11DAF1D2300102A35 /* Build configuration list for PBXNativeTarget "BKImagePicker" */ = {
			isa = XCConfigurationList;
			buildConfigurations = (
				88500AB21DAF1D2300102A35 /* Debug */,
				88500AB31DAF1D2300102A35 /* Release */,
			);
			defaultConfigurationIsVisible = 0;
			defaultConfigurationName = Release;
		};
/* End XCConfigurationList section */
	};
	rootObject = 88500A921DAF1D2300102A35 /* Project object */;
}
