// !$*UTF8*$!
{
	archiveVersion = 1;
	classes = {
	};
	objectVersion = 46;
	objects = {

/* Begin PBXBuildFile section */
		2AFF483221DB59880092BF45 /* BKCameraRecordProgressModel.m in Sources */ = {isa = PBXBuildFile; fileRef = 2AFF47C221DB59880092BF45 /* BKCameraRecordProgressModel.m */; };
		2AFF483321DB59880092BF45 /* BKCameraRecordProgress.m in Sources */ = {isa = PBXBuildFile; fileRef = 2AFF47C321DB59880092BF45 /* BKCameraRecordProgress.m */; };
		2AFF483421DB59880092BF45 /* BKCameraViewController.m in Sources */ = {isa = PBXBuildFile; fileRef = 2AFF47C721DB59880092BF45 /* BKCameraViewController.m */; };
		2AFF483521DB59880092BF45 /* BKCameraFilterView.m in Sources */ = {isa = PBXBuildFile; fileRef = 2AFF47C921DB59880092BF45 /* BKCameraFilterView.m */; };
		2AFF483621DB59880092BF45 /* BKCameraGradientShadow.m in Sources */ = {isa = PBXBuildFile; fileRef = 2AFF47CA21DB59880092BF45 /* BKCameraGradientShadow.m */; };
		2AFF483721DB59880092BF45 /* BKCameraManager.m in Sources */ = {isa = PBXBuildFile; fileRef = 2AFF47CC21DB59880092BF45 /* BKCameraManager.m */; };
		2AFF483821DB59880092BF45 /* BKCameraFocusRectangle.m in Sources */ = {isa = PBXBuildFile; fileRef = 2AFF47CE21DB59880092BF45 /* BKCameraFocusRectangle.m */; };
		2AFF483921DB59880092BF45 /* BKCameraRecordVideoPreviewViewController.m in Sources */ = {isa = PBXBuildFile; fileRef = 2AFF47D121DB59880092BF45 /* BKCameraRecordVideoPreviewViewController.m */; };
		2AFF483A21DB59880092BF45 /* BKCameraShutterBtn.m in Sources */ = {isa = PBXBuildFile; fileRef = 2AFF47D421DB59880092BF45 /* BKCameraShutterBtn.m */; };
		2AFF483B21DB59880092BF45 /* BKImagePickerConstant.m in Sources */ = {isa = PBXBuildFile; fileRef = 2AFF47DA21DB59880092BF45 /* BKImagePickerConstant.m */; };
		2AFF483C21DB59880092BF45 /* BKImagePicker.m in Sources */ = {isa = PBXBuildFile; fileRef = 2AFF47DB21DB59880092BF45 /* BKImagePicker.m */; };
		2AFF483D21DB59880092BF45 /* BKImageManageModel.m in Sources */ = {isa = PBXBuildFile; fileRef = 2AFF47DE21DB59880092BF45 /* BKImageManageModel.m */; };
		2AFF483E21DB59880092BF45 /* BKImageModel.m in Sources */ = {isa = PBXBuildFile; fileRef = 2AFF47E021DB59880092BF45 /* BKImageModel.m */; };
		2AFF483F21DB59880092BF45 /* BKBeautifulSkinFilter.m in Sources */ = {isa = PBXBuildFile; fileRef = 2AFF47E221DB59880092BF45 /* BKBeautifulSkinFilter.m */; };
		2AFF484021DB59880092BF45 /* BKGPUImageBeautyFilter.m in Sources */ = {isa = PBXBuildFile; fileRef = 2AFF47E521DB59880092BF45 /* BKGPUImageBeautyFilter.m */; };
		2AFF484121DB59880092BF45 /* BKImage.bundle in Resources */ = {isa = PBXBuildFile; fileRef = 2AFF47E721DB59880092BF45 /* BKImage.bundle */; };
		2AFF484221DB59880092BF45 /* BKEditImageViewController.m in Sources */ = {isa = PBXBuildFile; fileRef = 2AFF47EB21DB59880092BF45 /* BKEditImageViewController.m */; };
		2AFF484321DB59880092BF45 /* BKEditImageDrawModel.m in Sources */ = {isa = PBXBuildFile; fileRef = 2AFF47ED21DB59880092BF45 /* BKEditImageDrawModel.m */; };
		2AFF484421DB59880092BF45 /* BKEditImagePreviewCollectionViewFlowLayout.m in Sources */ = {isa = PBXBuildFile; fileRef = 2AFF47F221DB59880092BF45 /* BKEditImagePreviewCollectionViewFlowLayout.m */; };
		2AFF484521DB59880092BF45 /* BKEditImageClipFrameView.m in Sources */ = {isa = PBXBuildFile; fileRef = 2AFF47F421DB59880092BF45 /* BKEditImageClipFrameView.m */; };
		2AFF484621DB59880092BF45 /* BKEditImageClipView.m in Sources */ = {isa = PBXBuildFile; fileRef = 2AFF47F621DB59880092BF45 /* BKEditImageClipView.m */; };
		2AFF484721DB59880092BF45 /* BKEditImageDrawView.m in Sources */ = {isa = PBXBuildFile; fileRef = 2AFF47F721DB59880092BF45 /* BKEditImageDrawView.m */; };
		2AFF484821DB59880092BF45 /* BKEditImageWriteView.m in Sources */ = {isa = PBXBuildFile; fileRef = 2AFF47F821DB59880092BF45 /* BKEditImageWriteView.m */; };
		2AFF484921DB59880092BF45 /* BKEditImageBottomView.m in Sources */ = {isa = PBXBuildFile; fileRef = 2AFF47F921DB59880092BF45 /* BKEditImageBottomView.m */; };
		2AFF484A21DB59880092BF45 /* BKEditImageBgView.m in Sources */ = {isa = PBXBuildFile; fileRef = 2AFF47FB21DB59880092BF45 /* BKEditImageBgView.m */; };
		2AFF484B21DB59880092BF45 /* BKEditImagePreviewCollectionViewCell.m in Sources */ = {isa = PBXBuildFile; fileRef = 2AFF47FF21DB59880092BF45 /* BKEditImagePreviewCollectionViewCell.m */; };
		2AFF484D21DB59880092BF45 /* BKImagePickerViewController.m in Sources */ = {isa = PBXBuildFile; fileRef = 2AFF480721DB59880092BF45 /* BKImagePickerViewController.m */; };
		2AFF484E21DB59880092BF45 /* BKImageAlbumItemView.m in Sources */ = {isa = PBXBuildFile; fileRef = 2AFF480921DB59880092BF45 /* BKImageAlbumItemView.m */; };
		2AFF484F21DB59880092BF45 /* BKImageOriginalButton.m in Sources */ = {isa = PBXBuildFile; fileRef = 2AFF480A21DB59880092BF45 /* BKImageOriginalButton.m */; };
		2AFF485021DB59880092BF45 /* BKImagePickerFooterCollectionReusableView.m in Sources */ = {isa = PBXBuildFile; fileRef = 2AFF480B21DB59880092BF45 /* BKImagePickerFooterCollectionReusableView.m */; };
		2AFF485121DB59890092BF45 /* BKImageAlbumItemSelectButton.m in Sources */ = {isa = PBXBuildFile; fileRef = 2AFF480C21DB59880092BF45 /* BKImageAlbumItemSelectButton.m */; };
		2AFF485221DB59890092BF45 /* BKImagePickerCollectionViewCell.m in Sources */ = {isa = PBXBuildFile; fileRef = 2AFF480D21DB59880092BF45 /* BKImagePickerCollectionViewCell.m */; };
		2AFF485321DB59890092BF45 /* BKImageAlbumListViewController.m in Sources */ = {isa = PBXBuildFile; fileRef = 2AFF481621DB59880092BF45 /* BKImageAlbumListViewController.m */; };
		2AFF485421DB59890092BF45 /* BKImageAlbumListModel.m in Sources */ = {isa = PBXBuildFile; fileRef = 2AFF481921DB59880092BF45 /* BKImageAlbumListModel.m */; };
		2AFF485521DB59890092BF45 /* BKImageAlbumListTableViewCell.m in Sources */ = {isa = PBXBuildFile; fileRef = 2AFF481B21DB59880092BF45 /* BKImageAlbumListTableViewCell.m */; };
		2AFF485621DB59890092BF45 /* BKImagePreviewViewController.m in Sources */ = {isa = PBXBuildFile; fileRef = 2AFF481F21DB59880092BF45 /* BKImagePreviewViewController.m */; };
		2AFF485721DB59890092BF45 /* BKVideoPreviewViewController.m in Sources */ = {isa = PBXBuildFile; fileRef = 2AFF482221DB59880092BF45 /* BKVideoPreviewViewController.m */; };
		2AFF485821DB59890092BF45 /* BKImagePreviewTransitionAnimater.m in Sources */ = {isa = PBXBuildFile; fileRef = 2AFF482721DB59880092BF45 /* BKImagePreviewTransitionAnimater.m */; };
		2AFF485921DB59890092BF45 /* BKImagePreviewInteractiveTransition.m in Sources */ = {isa = PBXBuildFile; fileRef = 2AFF482821DB59880092BF45 /* BKImagePreviewInteractiveTransition.m */; };
		2AFF485A21DB59890092BF45 /* BKImagePreviewCollectionViewFlowLayout.m in Sources */ = {isa = PBXBuildFile; fileRef = 2AFF482921DB59880092BF45 /* BKImagePreviewCollectionViewFlowLayout.m */; };
		2AFF485B21DB59890092BF45 /* BKImagePreviewCollectionViewCell.m in Sources */ = {isa = PBXBuildFile; fileRef = 2AFF482C21DB59880092BF45 /* BKImagePreviewCollectionViewCell.m */; };
		2AFF486921DB5DA40092BF45 /* NSString+BKImagePicker.m in Sources */ = {isa = PBXBuildFile; fileRef = 2AFF485F21DB5DA30092BF45 /* NSString+BKImagePicker.m */; };
		2AFF486A21DB5DA40092BF45 /* NSObject+BKImagePicker.m in Sources */ = {isa = PBXBuildFile; fileRef = 2AFF486021DB5DA30092BF45 /* NSObject+BKImagePicker.m */; };
		2AFF486B21DB5DA40092BF45 /* UIImage+BKImagePicker.m in Sources */ = {isa = PBXBuildFile; fileRef = 2AFF486321DB5DA40092BF45 /* UIImage+BKImagePicker.m */; };
		2AFF486C21DB5DA40092BF45 /* UIBezierPath+BKImagePicker.m in Sources */ = {isa = PBXBuildFile; fileRef = 2AFF486421DB5DA40092BF45 /* UIBezierPath+BKImagePicker.m */; };
		2AFF486D21DB5DA40092BF45 /* UIView+BKImagePicker.m in Sources */ = {isa = PBXBuildFile; fileRef = 2AFF486621DB5DA40092BF45 /* UIView+BKImagePicker.m */; };
		2AFF487021DB5E6F0092BF45 /* NSAttributedString+BKImagePicker.m in Sources */ = {isa = PBXBuildFile; fileRef = 2AFF486F21DB5E6F0092BF45 /* NSAttributedString+BKImagePicker.m */; };
		2AFF487421DB68C20092BF45 /* BKImagePickerGPUImageBeautifyFilter.m in Sources */ = {isa = PBXBuildFile; fileRef = 2AFF487221DB68C20092BF45 /* BKImagePickerGPUImageBeautifyFilter.m */; };
		2AFF487A21DB69B80092BF45 /* BKTimer.m in Sources */ = {isa = PBXBuildFile; fileRef = 2AFF487621DB69B80092BF45 /* BKTimer.m */; };
		2AFF487B21DB69B80092BF45 /* BKTimerModel.m in Sources */ = {isa = PBXBuildFile; fileRef = 2AFF487721DB69B80092BF45 /* BKTimerModel.m */; };
		2AFF488921DB6A470092BF45 /* BKImagePickerNavButton.m in Sources */ = {isa = PBXBuildFile; fileRef = 2AFF488621DB6A470092BF45 /* BKImagePickerNavButton.m */; };
		2AFF488A21DB6A470092BF45 /* BKImagePickerBaseViewController.m in Sources */ = {isa = PBXBuildFile; fileRef = 2AFF488721DB6A470092BF45 /* BKImagePickerBaseViewController.m */; };
		2AFF489121DB6B340092BF45 /* UINavigationController+DSNavExtension.m in Sources */ = {isa = PBXBuildFile; fileRef = 2AFF488C21DB6B330092BF45 /* UINavigationController+DSNavExtension.m */; };
		2AFF489221DB6B340092BF45 /* BKNavigationController.m in Sources */ = {isa = PBXBuildFile; fileRef = 2AFF488D21DB6B330092BF45 /* BKNavigationController.m */; };
		2AFF489321DB6B340092BF45 /* UIViewController+DSNavExtension.m in Sources */ = {isa = PBXBuildFile; fileRef = 2AFF489021DB6B340092BF45 /* UIViewController+DSNavExtension.m */; };
		2AFF489821DB6B420092BF45 /* DSPercentDrivenInteractiveTransition.m in Sources */ = {isa = PBXBuildFile; fileRef = 2AFF489521DB6B410092BF45 /* DSPercentDrivenInteractiveTransition.m */; };
		2AFF489921DB6B420092BF45 /* DSTransitionAnimater.m in Sources */ = {isa = PBXBuildFile; fileRef = 2AFF489621DB6B420092BF45 /* DSTransitionAnimater.m */; };
		88500A9F1DAF1D2300102A35 /* main.m in Sources */ = {isa = PBXBuildFile; fileRef = 88500A9E1DAF1D2300102A35 /* main.m */; };
		88500AA21DAF1D2300102A35 /* AppDelegate.m in Sources */ = {isa = PBXBuildFile; fileRef = 88500AA11DAF1D2300102A35 /* AppDelegate.m */; };
		88500AA51DAF1D2300102A35 /* ViewController.m in Sources */ = {isa = PBXBuildFile; fileRef = 88500AA41DAF1D2300102A35 /* ViewController.m */; };
		88500AAA1DAF1D2300102A35 /* Assets.xcassets in Resources */ = {isa = PBXBuildFile; fileRef = 88500AA91DAF1D2300102A35 /* Assets.xcassets */; };
		88500AAD1DAF1D2300102A35 /* LaunchScreen.storyboard in Resources */ = {isa = PBXBuildFile; fileRef = 88500AAB1DAF1D2300102A35 /* LaunchScreen.storyboard */; };
		CE6DF12AE088DF3BBF4F2BC3 /* libPods-BKImagePicker.a in Frameworks */ = {isa = PBXBuildFile; fileRef = E6286301F9838F771079782D /* libPods-BKImagePicker.a */; };
/* End PBXBuildFile section */

/* Begin PBXFileReference section */
		2AFF47BD21DB59880092BF45 /* BKImagePicker.h */ = {isa = PBXFileReference; fileEncoding = 4; lastKnownFileType = sourcecode.c.h; path = BKImagePicker.h; sourceTree = "<group>"; };
		2AFF47C021DB59880092BF45 /* BKCameraRecordProgressModel.h */ = {isa = PBXFileReference; fileEncoding = 4; lastKnownFileType = sourcecode.c.h; path = BKCameraRecordProgressModel.h; sourceTree = "<group>"; };
		2AFF47C121DB59880092BF45 /* BKCameraRecordProgress.h */ = {isa = PBXFileReference; fileEncoding = 4; lastKnownFileType = sourcecode.c.h; path = BKCameraRecordProgress.h; sourceTree = "<group>"; };
		2AFF47C221DB59880092BF45 /* BKCameraRecordProgressModel.m */ = {isa = PBXFileReference; fileEncoding = 4; lastKnownFileType = sourcecode.c.objc; path = BKCameraRecordProgressModel.m; sourceTree = "<group>"; };
		2AFF47C321DB59880092BF45 /* BKCameraRecordProgress.m */ = {isa = PBXFileReference; fileEncoding = 4; lastKnownFileType = sourcecode.c.objc; path = BKCameraRecordProgress.m; sourceTree = "<group>"; };
		2AFF47C521DB59880092BF45 /* BKCameraFilterView.h */ = {isa = PBXFileReference; fileEncoding = 4; lastKnownFileType = sourcecode.c.h; path = BKCameraFilterView.h; sourceTree = "<group>"; };
		2AFF47C621DB59880092BF45 /* BKCameraGradientShadow.h */ = {isa = PBXFileReference; fileEncoding = 4; lastKnownFileType = sourcecode.c.h; path = BKCameraGradientShadow.h; sourceTree = "<group>"; };
		2AFF47C721DB59880092BF45 /* BKCameraViewController.m */ = {isa = PBXFileReference; fileEncoding = 4; lastKnownFileType = sourcecode.c.objc; path = BKCameraViewController.m; sourceTree = "<group>"; };
		2AFF47C821DB59880092BF45 /* BKCameraManager.h */ = {isa = PBXFileReference; fileEncoding = 4; lastKnownFileType = sourcecode.c.h; path = BKCameraManager.h; sourceTree = "<group>"; };
		2AFF47C921DB59880092BF45 /* BKCameraFilterView.m */ = {isa = PBXFileReference; fileEncoding = 4; lastKnownFileType = sourcecode.c.objc; path = BKCameraFilterView.m; sourceTree = "<group>"; };
		2AFF47CA21DB59880092BF45 /* BKCameraGradientShadow.m */ = {isa = PBXFileReference; fileEncoding = 4; lastKnownFileType = sourcecode.c.objc; path = BKCameraGradientShadow.m; sourceTree = "<group>"; };
		2AFF47CB21DB59880092BF45 /* BKCameraViewController.h */ = {isa = PBXFileReference; fileEncoding = 4; lastKnownFileType = sourcecode.c.h; path = BKCameraViewController.h; sourceTree = "<group>"; };
		2AFF47CC21DB59880092BF45 /* BKCameraManager.m */ = {isa = PBXFileReference; fileEncoding = 4; lastKnownFileType = sourcecode.c.objc; path = BKCameraManager.m; sourceTree = "<group>"; };
		2AFF47CE21DB59880092BF45 /* BKCameraFocusRectangle.m */ = {isa = PBXFileReference; fileEncoding = 4; lastKnownFileType = sourcecode.c.objc; path = BKCameraFocusRectangle.m; sourceTree = "<group>"; };
		2AFF47CF21DB59880092BF45 /* BKCameraFocusRectangle.h */ = {isa = PBXFileReference; fileEncoding = 4; lastKnownFileType = sourcecode.c.h; path = BKCameraFocusRectangle.h; sourceTree = "<group>"; };
		2AFF47D121DB59880092BF45 /* BKCameraRecordVideoPreviewViewController.m */ = {isa = PBXFileReference; fileEncoding = 4; lastKnownFileType = sourcecode.c.objc; path = BKCameraRecordVideoPreviewViewController.m; sourceTree = "<group>"; };
		2AFF47D221DB59880092BF45 /* BKCameraRecordVideoPreviewViewController.h */ = {isa = PBXFileReference; fileEncoding = 4; lastKnownFileType = sourcecode.c.h; path = BKCameraRecordVideoPreviewViewController.h; sourceTree = "<group>"; };
		2AFF47D421DB59880092BF45 /* BKCameraShutterBtn.m */ = {isa = PBXFileReference; fileEncoding = 4; lastKnownFileType = sourcecode.c.objc; path = BKCameraShutterBtn.m; sourceTree = "<group>"; };
		2AFF47D521DB59880092BF45 /* BKCameraShutterBtn.h */ = {isa = PBXFileReference; fileEncoding = 4; lastKnownFileType = sourcecode.c.h; path = BKCameraShutterBtn.h; sourceTree = "<group>"; };
		2AFF47D721DB59880092BF45 /* BKImagePickerInline.h */ = {isa = PBXFileReference; fileEncoding = 4; lastKnownFileType = sourcecode.c.h; path = BKImagePickerInline.h; sourceTree = "<group>"; };
		2AFF47D821DB59880092BF45 /* BKImagePickerMacro.h */ = {isa = PBXFileReference; fileEncoding = 4; lastKnownFileType = sourcecode.c.h; path = BKImagePickerMacro.h; sourceTree = "<group>"; };
		2AFF47D921DB59880092BF45 /* BKImagePickerConstant.h */ = {isa = PBXFileReference; fileEncoding = 4; lastKnownFileType = sourcecode.c.h; path = BKImagePickerConstant.h; sourceTree = "<group>"; };
		2AFF47DA21DB59880092BF45 /* BKImagePickerConstant.m */ = {isa = PBXFileReference; fileEncoding = 4; lastKnownFileType = sourcecode.c.objc; path = BKImagePickerConstant.m; sourceTree = "<group>"; };
		2AFF47DB21DB59880092BF45 /* BKImagePicker.m */ = {isa = PBXFileReference; fileEncoding = 4; lastKnownFileType = sourcecode.c.objc; path = BKImagePicker.m; sourceTree = "<group>"; };
		2AFF47DD21DB59880092BF45 /* BKImageModel.h */ = {isa = PBXFileReference; fileEncoding = 4; lastKnownFileType = sourcecode.c.h; path = BKImageModel.h; sourceTree = "<group>"; };
		2AFF47DE21DB59880092BF45 /* BKImageManageModel.m */ = {isa = PBXFileReference; fileEncoding = 4; lastKnownFileType = sourcecode.c.objc; path = BKImageManageModel.m; sourceTree = "<group>"; };
		2AFF47DF21DB59880092BF45 /* BKImageManageModel.h */ = {isa = PBXFileReference; fileEncoding = 4; lastKnownFileType = sourcecode.c.h; path = BKImageManageModel.h; sourceTree = "<group>"; };
		2AFF47E021DB59880092BF45 /* BKImageModel.m */ = {isa = PBXFileReference; fileEncoding = 4; lastKnownFileType = sourcecode.c.objc; path = BKImageModel.m; sourceTree = "<group>"; };
		2AFF47E221DB59880092BF45 /* BKBeautifulSkinFilter.m */ = {isa = PBXFileReference; fileEncoding = 4; lastKnownFileType = sourcecode.c.objc; path = BKBeautifulSkinFilter.m; sourceTree = "<group>"; };
		2AFF47E321DB59880092BF45 /* BKGPUImageBeautyFilter.h */ = {isa = PBXFileReference; fileEncoding = 4; lastKnownFileType = sourcecode.c.h; path = BKGPUImageBeautyFilter.h; sourceTree = "<group>"; };
		2AFF47E421DB59880092BF45 /* BKBeautifulSkinFilter.h */ = {isa = PBXFileReference; fileEncoding = 4; lastKnownFileType = sourcecode.c.h; path = BKBeautifulSkinFilter.h; sourceTree = "<group>"; };
		2AFF47E521DB59880092BF45 /* BKGPUImageBeautyFilter.m */ = {isa = PBXFileReference; fileEncoding = 4; lastKnownFileType = sourcecode.c.objc; path = BKGPUImageBeautyFilter.m; sourceTree = "<group>"; };
		2AFF47E721DB59880092BF45 /* BKImage.bundle */ = {isa = PBXFileReference; lastKnownFileType = "wrapper.plug-in"; path = BKImage.bundle; sourceTree = "<group>"; };
		2AFF47EA21DB59880092BF45 /* BKEditImageViewController.h */ = {isa = PBXFileReference; fileEncoding = 4; lastKnownFileType = sourcecode.c.h; path = BKEditImageViewController.h; sourceTree = "<group>"; };
		2AFF47EB21DB59880092BF45 /* BKEditImageViewController.m */ = {isa = PBXFileReference; fileEncoding = 4; lastKnownFileType = sourcecode.c.objc; path = BKEditImageViewController.m; sourceTree = "<group>"; };
		2AFF47ED21DB59880092BF45 /* BKEditImageDrawModel.m */ = {isa = PBXFileReference; fileEncoding = 4; lastKnownFileType = sourcecode.c.objc; path = BKEditImageDrawModel.m; sourceTree = "<group>"; };
		2AFF47EE21DB59880092BF45 /* BKEditImageDrawModel.h */ = {isa = PBXFileReference; fileEncoding = 4; lastKnownFileType = sourcecode.c.h; path = BKEditImageDrawModel.h; sourceTree = "<group>"; };
		2AFF47F021DB59880092BF45 /* BKEditImageWriteView.h */ = {isa = PBXFileReference; fileEncoding = 4; lastKnownFileType = sourcecode.c.h; path = BKEditImageWriteView.h; sourceTree = "<group>"; };
		2AFF47F121DB59880092BF45 /* BKEditImageBgView.h */ = {isa = PBXFileReference; fileEncoding = 4; lastKnownFileType = sourcecode.c.h; path = BKEditImageBgView.h; sourceTree = "<group>"; };
		2AFF47F221DB59880092BF45 /* BKEditImagePreviewCollectionViewFlowLayout.m */ = {isa = PBXFileReference; fileEncoding = 4; lastKnownFileType = sourcecode.c.objc; path = BKEditImagePreviewCollectionViewFlowLayout.m; sourceTree = "<group>"; };
		2AFF47F321DB59880092BF45 /* BKEditImageBottomView.h */ = {isa = PBXFileReference; fileEncoding = 4; lastKnownFileType = sourcecode.c.h; path = BKEditImageBottomView.h; sourceTree = "<group>"; };
		2AFF47F421DB59880092BF45 /* BKEditImageClipFrameView.m */ = {isa = PBXFileReference; fileEncoding = 4; lastKnownFileType = sourcecode.c.objc; path = BKEditImageClipFrameView.m; sourceTree = "<group>"; };
		2AFF47F521DB59880092BF45 /* BKEditImagePreviewCollectionViewCell.h */ = {isa = PBXFileReference; fileEncoding = 4; lastKnownFileType = sourcecode.c.h; path = BKEditImagePreviewCollectionViewCell.h; sourceTree = "<group>"; };
		2AFF47F621DB59880092BF45 /* BKEditImageClipView.m */ = {isa = PBXFileReference; fileEncoding = 4; lastKnownFileType = sourcecode.c.objc; path = BKEditImageClipView.m; sourceTree = "<group>"; };
		2AFF47F721DB59880092BF45 /* BKEditImageDrawView.m */ = {isa = PBXFileReference; fileEncoding = 4; lastKnownFileType = sourcecode.c.objc; path = BKEditImageDrawView.m; sourceTree = "<group>"; };
		2AFF47F821DB59880092BF45 /* BKEditImageWriteView.m */ = {isa = PBXFileReference; fileEncoding = 4; lastKnownFileType = sourcecode.c.objc; path = BKEditImageWriteView.m; sourceTree = "<group>"; };
		2AFF47F921DB59880092BF45 /* BKEditImageBottomView.m */ = {isa = PBXFileReference; fileEncoding = 4; lastKnownFileType = sourcecode.c.objc; path = BKEditImageBottomView.m; sourceTree = "<group>"; };
		2AFF47FA21DB59880092BF45 /* BKEditImagePreviewCollectionViewFlowLayout.h */ = {isa = PBXFileReference; fileEncoding = 4; lastKnownFileType = sourcecode.c.h; path = BKEditImagePreviewCollectionViewFlowLayout.h; sourceTree = "<group>"; };
		2AFF47FB21DB59880092BF45 /* BKEditImageBgView.m */ = {isa = PBXFileReference; fileEncoding = 4; lastKnownFileType = sourcecode.c.objc; path = BKEditImageBgView.m; sourceTree = "<group>"; };
		2AFF47FC21DB59880092BF45 /* BKEditImageClipFrameView.h */ = {isa = PBXFileReference; fileEncoding = 4; lastKnownFileType = sourcecode.c.h; path = BKEditImageClipFrameView.h; sourceTree = "<group>"; };
		2AFF47FD21DB59880092BF45 /* BKEditImageDrawView.h */ = {isa = PBXFileReference; fileEncoding = 4; lastKnownFileType = sourcecode.c.h; path = BKEditImageDrawView.h; sourceTree = "<group>"; };
		2AFF47FE21DB59880092BF45 /* BKEditImageClipView.h */ = {isa = PBXFileReference; fileEncoding = 4; lastKnownFileType = sourcecode.c.h; path = BKEditImageClipView.h; sourceTree = "<group>"; };
		2AFF47FF21DB59880092BF45 /* BKEditImagePreviewCollectionViewCell.m */ = {isa = PBXFileReference; fileEncoding = 4; lastKnownFileType = sourcecode.c.objc; path = BKEditImagePreviewCollectionViewCell.m; sourceTree = "<group>"; };
		2AFF480621DB59880092BF45 /* BKImagePickerViewController.h */ = {isa = PBXFileReference; fileEncoding = 4; lastKnownFileType = sourcecode.c.h; path = BKImagePickerViewController.h; sourceTree = "<group>"; };
		2AFF480721DB59880092BF45 /* BKImagePickerViewController.m */ = {isa = PBXFileReference; fileEncoding = 4; lastKnownFileType = sourcecode.c.objc; path = BKImagePickerViewController.m; sourceTree = "<group>"; };
		2AFF480921DB59880092BF45 /* BKImageAlbumItemView.m */ = {isa = PBXFileReference; fileEncoding = 4; lastKnownFileType = sourcecode.c.objc; path = BKImageAlbumItemView.m; sourceTree = "<group>"; };
		2AFF480A21DB59880092BF45 /* BKImageOriginalButton.m */ = {isa = PBXFileReference; fileEncoding = 4; lastKnownFileType = sourcecode.c.objc; path = BKImageOriginalButton.m; sourceTree = "<group>"; };
		2AFF480B21DB59880092BF45 /* BKImagePickerFooterCollectionReusableView.m */ = {isa = PBXFileReference; fileEncoding = 4; lastKnownFileType = sourcecode.c.objc; path = BKImagePickerFooterCollectionReusableView.m; sourceTree = "<group>"; };
		2AFF480C21DB59880092BF45 /* BKImageAlbumItemSelectButton.m */ = {isa = PBXFileReference; fileEncoding = 4; lastKnownFileType = sourcecode.c.objc; path = BKImageAlbumItemSelectButton.m; sourceTree = "<group>"; };
		2AFF480D21DB59880092BF45 /* BKImagePickerCollectionViewCell.m */ = {isa = PBXFileReference; fileEncoding = 4; lastKnownFileType = sourcecode.c.objc; path = BKImagePickerCollectionViewCell.m; sourceTree = "<group>"; };
		2AFF480E21DB59880092BF45 /* BKImageOriginalButton.h */ = {isa = PBXFileReference; fileEncoding = 4; lastKnownFileType = sourcecode.c.h; path = BKImageOriginalButton.h; sourceTree = "<group>"; };
		2AFF480F21DB59880092BF45 /* BKImagePickerFooterCollectionReusableView.h */ = {isa = PBXFileReference; fileEncoding = 4; lastKnownFileType = sourcecode.c.h; path = BKImagePickerFooterCollectionReusableView.h; sourceTree = "<group>"; };
		2AFF481021DB59880092BF45 /* BKImageAlbumItemView.h */ = {isa = PBXFileReference; fileEncoding = 4; lastKnownFileType = sourcecode.c.h; path = BKImageAlbumItemView.h; sourceTree = "<group>"; };
		2AFF481121DB59880092BF45 /* BKImagePickerCollectionViewCell.h */ = {isa = PBXFileReference; fileEncoding = 4; lastKnownFileType = sourcecode.c.h; path = BKImagePickerCollectionViewCell.h; sourceTree = "<group>"; };
		2AFF481221DB59880092BF45 /* BKImageAlbumItemSelectButton.h */ = {isa = PBXFileReference; fileEncoding = 4; lastKnownFileType = sourcecode.c.h; path = BKImageAlbumItemSelectButton.h; sourceTree = "<group>"; };
		2AFF481521DB59880092BF45 /* BKImageAlbumListViewController.h */ = {isa = PBXFileReference; fileEncoding = 4; lastKnownFileType = sourcecode.c.h; path = BKImageAlbumListViewController.h; sourceTree = "<group>"; };
		2AFF481621DB59880092BF45 /* BKImageAlbumListViewController.m */ = {isa = PBXFileReference; fileEncoding = 4; lastKnownFileType = sourcecode.c.objc; path = BKImageAlbumListViewController.m; sourceTree = "<group>"; };
		2AFF481821DB59880092BF45 /* BKImageAlbumListModel.h */ = {isa = PBXFileReference; fileEncoding = 4; lastKnownFileType = sourcecode.c.h; path = BKImageAlbumListModel.h; sourceTree = "<group>"; };
		2AFF481921DB59880092BF45 /* BKImageAlbumListModel.m */ = {isa = PBXFileReference; fileEncoding = 4; lastKnownFileType = sourcecode.c.objc; path = BKImageAlbumListModel.m; sourceTree = "<group>"; };
		2AFF481B21DB59880092BF45 /* BKImageAlbumListTableViewCell.m */ = {isa = PBXFileReference; fileEncoding = 4; lastKnownFileType = sourcecode.c.objc; path = BKImageAlbumListTableViewCell.m; sourceTree = "<group>"; };
		2AFF481C21DB59880092BF45 /* BKImageAlbumListTableViewCell.h */ = {isa = PBXFileReference; fileEncoding = 4; lastKnownFileType = sourcecode.c.h; path = BKImageAlbumListTableViewCell.h; sourceTree = "<group>"; };
		2AFF481F21DB59880092BF45 /* BKImagePreviewViewController.m */ = {isa = PBXFileReference; fileEncoding = 4; lastKnownFileType = sourcecode.c.objc; path = BKImagePreviewViewController.m; sourceTree = "<group>"; };
		2AFF482021DB59880092BF45 /* BKVideoPreviewViewController.h */ = {isa = PBXFileReference; fileEncoding = 4; lastKnownFileType = sourcecode.c.h; path = BKVideoPreviewViewController.h; sourceTree = "<group>"; };
		2AFF482121DB59880092BF45 /* BKImagePreviewViewController.h */ = {isa = PBXFileReference; fileEncoding = 4; lastKnownFileType = sourcecode.c.h; path = BKImagePreviewViewController.h; sourceTree = "<group>"; };
		2AFF482221DB59880092BF45 /* BKVideoPreviewViewController.m */ = {isa = PBXFileReference; fileEncoding = 4; lastKnownFileType = sourcecode.c.objc; path = BKVideoPreviewViewController.m; sourceTree = "<group>"; };
		2AFF482421DB59880092BF45 /* BKImagePreviewTransitionAnimater.h */ = {isa = PBXFileReference; fileEncoding = 4; lastKnownFileType = sourcecode.c.h; path = BKImagePreviewTransitionAnimater.h; sourceTree = "<group>"; };
		2AFF482521DB59880092BF45 /* BKImagePreviewInteractiveTransition.h */ = {isa = PBXFileReference; fileEncoding = 4; lastKnownFileType = sourcecode.c.h; path = BKImagePreviewInteractiveTransition.h; sourceTree = "<group>"; };
		2AFF482621DB59880092BF45 /* BKImagePreviewCollectionViewFlowLayout.h */ = {isa = PBXFileReference; fileEncoding = 4; lastKnownFileType = sourcecode.c.h; path = BKImagePreviewCollectionViewFlowLayout.h; sourceTree = "<group>"; };
		2AFF482721DB59880092BF45 /* BKImagePreviewTransitionAnimater.m */ = {isa = PBXFileReference; fileEncoding = 4; lastKnownFileType = sourcecode.c.objc; path = BKImagePreviewTransitionAnimater.m; sourceTree = "<group>"; };
		2AFF482821DB59880092BF45 /* BKImagePreviewInteractiveTransition.m */ = {isa = PBXFileReference; fileEncoding = 4; lastKnownFileType = sourcecode.c.objc; path = BKImagePreviewInteractiveTransition.m; sourceTree = "<group>"; };
		2AFF482921DB59880092BF45 /* BKImagePreviewCollectionViewFlowLayout.m */ = {isa = PBXFileReference; fileEncoding = 4; lastKnownFileType = sourcecode.c.objc; path = BKImagePreviewCollectionViewFlowLayout.m; sourceTree = "<group>"; };
		2AFF482B21DB59880092BF45 /* BKImagePreviewCollectionViewCell.h */ = {isa = PBXFileReference; fileEncoding = 4; lastKnownFileType = sourcecode.c.h; path = BKImagePreviewCollectionViewCell.h; sourceTree = "<group>"; };
		2AFF482C21DB59880092BF45 /* BKImagePreviewCollectionViewCell.m */ = {isa = PBXFileReference; fileEncoding = 4; lastKnownFileType = sourcecode.c.objc; path = BKImagePreviewCollectionViewCell.m; sourceTree = "<group>"; };
		2AFF485F21DB5DA30092BF45 /* NSString+BKImagePicker.m */ = {isa = PBXFileReference; fileEncoding = 4; lastKnownFileType = sourcecode.c.objc; path = "NSString+BKImagePicker.m"; sourceTree = "<group>"; };
		2AFF486021DB5DA30092BF45 /* NSObject+BKImagePicker.m */ = {isa = PBXFileReference; fileEncoding = 4; lastKnownFileType = sourcecode.c.objc; path = "NSObject+BKImagePicker.m"; sourceTree = "<group>"; };
		2AFF486121DB5DA30092BF45 /* NSObject+BKImagePicker.h */ = {isa = PBXFileReference; fileEncoding = 4; lastKnownFileType = sourcecode.c.h; path = "NSObject+BKImagePicker.h"; sourceTree = "<group>"; };
		2AFF486221DB5DA40092BF45 /* UIBezierPath+BKImagePicker.h */ = {isa = PBXFileReference; fileEncoding = 4; lastKnownFileType = sourcecode.c.h; path = "UIBezierPath+BKImagePicker.h"; sourceTree = "<group>"; };
		2AFF486321DB5DA40092BF45 /* UIImage+BKImagePicker.m */ = {isa = PBXFileReference; fileEncoding = 4; lastKnownFileType = sourcecode.c.objc; path = "UIImage+BKImagePicker.m"; sourceTree = "<group>"; };
		2AFF486421DB5DA40092BF45 /* UIBezierPath+BKImagePicker.m */ = {isa = PBXFileReference; fileEncoding = 4; lastKnownFileType = sourcecode.c.objc; path = "UIBezierPath+BKImagePicker.m"; sourceTree = "<group>"; };
		2AFF486521DB5DA40092BF45 /* UIView+BKImagePicker.h */ = {isa = PBXFileReference; fileEncoding = 4; lastKnownFileType = sourcecode.c.h; path = "UIView+BKImagePicker.h"; sourceTree = "<group>"; };
		2AFF486621DB5DA40092BF45 /* UIView+BKImagePicker.m */ = {isa = PBXFileReference; fileEncoding = 4; lastKnownFileType = sourcecode.c.objc; path = "UIView+BKImagePicker.m"; sourceTree = "<group>"; };
		2AFF486721DB5DA40092BF45 /* NSString+BKImagePicker.h */ = {isa = PBXFileReference; fileEncoding = 4; lastKnownFileType = sourcecode.c.h; path = "NSString+BKImagePicker.h"; sourceTree = "<group>"; };
		2AFF486821DB5DA40092BF45 /* UIImage+BKImagePicker.h */ = {isa = PBXFileReference; fileEncoding = 4; lastKnownFileType = sourcecode.c.h; path = "UIImage+BKImagePicker.h"; sourceTree = "<group>"; };
		2AFF486E21DB5E6F0092BF45 /* NSAttributedString+BKImagePicker.h */ = {isa = PBXFileReference; lastKnownFileType = sourcecode.c.h; path = "NSAttributedString+BKImagePicker.h"; sourceTree = "<group>"; };
		2AFF486F21DB5E6F0092BF45 /* NSAttributedString+BKImagePicker.m */ = {isa = PBXFileReference; lastKnownFileType = sourcecode.c.objc; path = "NSAttributedString+BKImagePicker.m"; sourceTree = "<group>"; };
		2AFF487221DB68C20092BF45 /* BKImagePickerGPUImageBeautifyFilter.m */ = {isa = PBXFileReference; fileEncoding = 4; lastKnownFileType = sourcecode.c.objc; path = BKImagePickerGPUImageBeautifyFilter.m; sourceTree = "<group>"; };
		2AFF487321DB68C20092BF45 /* BKImagePickerGPUImageBeautifyFilter.h */ = {isa = PBXFileReference; fileEncoding = 4; lastKnownFileType = sourcecode.c.h; path = BKImagePickerGPUImageBeautifyFilter.h; sourceTree = "<group>"; };
		2AFF487621DB69B80092BF45 /* BKTimer.m */ = {isa = PBXFileReference; fileEncoding = 4; lastKnownFileType = sourcecode.c.objc; path = BKTimer.m; sourceTree = "<group>"; };
		2AFF487721DB69B80092BF45 /* BKTimerModel.m */ = {isa = PBXFileReference; fileEncoding = 4; lastKnownFileType = sourcecode.c.objc; path = BKTimerModel.m; sourceTree = "<group>"; };
		2AFF487821DB69B80092BF45 /* BKTimer.h */ = {isa = PBXFileReference; fileEncoding = 4; lastKnownFileType = sourcecode.c.h; path = BKTimer.h; sourceTree = "<group>"; };
		2AFF487921DB69B80092BF45 /* BKTimerModel.h */ = {isa = PBXFileReference; fileEncoding = 4; lastKnownFileType = sourcecode.c.h; path = BKTimerModel.h; sourceTree = "<group>"; };
		2AFF488521DB6A470092BF45 /* BKImagePickerBaseViewController.h */ = {isa = PBXFileReference; fileEncoding = 4; lastKnownFileType = sourcecode.c.h; path = BKImagePickerBaseViewController.h; sourceTree = "<group>"; };
		2AFF488621DB6A470092BF45 /* BKImagePickerNavButton.m */ = {isa = PBXFileReference; fileEncoding = 4; lastKnownFileType = sourcecode.c.objc; path = BKImagePickerNavButton.m; sourceTree = "<group>"; };
		2AFF488721DB6A470092BF45 /* BKImagePickerBaseViewController.m */ = {isa = PBXFileReference; fileEncoding = 4; lastKnownFileType = sourcecode.c.objc; path = BKImagePickerBaseViewController.m; sourceTree = "<group>"; };
		2AFF488821DB6A470092BF45 /* BKImagePickerNavButton.h */ = {isa = PBXFileReference; fileEncoding = 4; lastKnownFileType = sourcecode.c.h; path = BKImagePickerNavButton.h; sourceTree = "<group>"; };
		2AFF488B21DB6B320092BF45 /* BKNavigationController.h */ = {isa = PBXFileReference; fileEncoding = 4; lastKnownFileType = sourcecode.c.h; path = BKNavigationController.h; sourceTree = "<group>"; };
		2AFF488C21DB6B330092BF45 /* UINavigationController+DSNavExtension.m */ = {isa = PBXFileReference; fileEncoding = 4; lastKnownFileType = sourcecode.c.objc; path = "UINavigationController+DSNavExtension.m"; sourceTree = "<group>"; };
		2AFF488D21DB6B330092BF45 /* BKNavigationController.m */ = {isa = PBXFileReference; fileEncoding = 4; lastKnownFileType = sourcecode.c.objc; path = BKNavigationController.m; sourceTree = "<group>"; };
		2AFF488E21DB6B330092BF45 /* UINavigationController+DSNavExtension.h */ = {isa = PBXFileReference; fileEncoding = 4; lastKnownFileType = sourcecode.c.h; path = "UINavigationController+DSNavExtension.h"; sourceTree = "<group>"; };
		2AFF488F21DB6B340092BF45 /* UIViewController+DSNavExtension.h */ = {isa = PBXFileReference; fileEncoding = 4; lastKnownFileType = sourcecode.c.h; path = "UIViewController+DSNavExtension.h"; sourceTree = "<group>"; };
		2AFF489021DB6B340092BF45 /* UIViewController+DSNavExtension.m */ = {isa = PBXFileReference; fileEncoding = 4; lastKnownFileType = sourcecode.c.objc; path = "UIViewController+DSNavExtension.m"; sourceTree = "<group>"; };
		2AFF489421DB6B410092BF45 /* DSPercentDrivenInteractiveTransition.h */ = {isa = PBXFileReference; fileEncoding = 4; lastKnownFileType = sourcecode.c.h; path = DSPercentDrivenInteractiveTransition.h; sourceTree = "<group>"; };
		2AFF489521DB6B410092BF45 /* DSPercentDrivenInteractiveTransition.m */ = {isa = PBXFileReference; fileEncoding = 4; lastKnownFileType = sourcecode.c.objc; path = DSPercentDrivenInteractiveTransition.m; sourceTree = "<group>"; };
		2AFF489621DB6B420092BF45 /* DSTransitionAnimater.m */ = {isa = PBXFileReference; fileEncoding = 4; lastKnownFileType = sourcecode.c.objc; path = DSTransitionAnimater.m; sourceTree = "<group>"; };
		2AFF489721DB6B420092BF45 /* DSTransitionAnimater.h */ = {isa = PBXFileReference; fileEncoding = 4; lastKnownFileType = sourcecode.c.h; path = DSTransitionAnimater.h; sourceTree = "<group>"; };
		2B3A5BFEB31D6A39F63FD345 /* Pods-BKImagePicker.debug.xcconfig */ = {isa = PBXFileReference; includeInIndex = 1; lastKnownFileType = text.xcconfig; name = "Pods-BKImagePicker.debug.xcconfig"; path = "Pods/Target Support Files/Pods-BKImagePicker/Pods-BKImagePicker.debug.xcconfig"; sourceTree = "<group>"; };
		88500A9A1DAF1D2300102A35 /* BKImagePicker.app */ = {isa = PBXFileReference; explicitFileType = wrapper.application; includeInIndex = 0; path = BKImagePicker.app; sourceTree = BUILT_PRODUCTS_DIR; };
		88500A9E1DAF1D2300102A35 /* main.m */ = {isa = PBXFileReference; lastKnownFileType = sourcecode.c.objc; path = main.m; sourceTree = "<group>"; };
		88500AA01DAF1D2300102A35 /* AppDelegate.h */ = {isa = PBXFileReference; lastKnownFileType = sourcecode.c.h; path = AppDelegate.h; sourceTree = "<group>"; };
		88500AA11DAF1D2300102A35 /* AppDelegate.m */ = {isa = PBXFileReference; lastKnownFileType = sourcecode.c.objc; path = AppDelegate.m; sourceTree = "<group>"; };
		88500AA31DAF1D2300102A35 /* ViewController.h */ = {isa = PBXFileReference; lastKnownFileType = sourcecode.c.h; path = ViewController.h; sourceTree = "<group>"; };
		88500AA41DAF1D2300102A35 /* ViewController.m */ = {isa = PBXFileReference; lastKnownFileType = sourcecode.c.objc; path = ViewController.m; sourceTree = "<group>"; };
		88500AA91DAF1D2300102A35 /* Assets.xcassets */ = {isa = PBXFileReference; lastKnownFileType = folder.assetcatalog; path = Assets.xcassets; sourceTree = "<group>"; };
		88500AAC1DAF1D2300102A35 /* Base */ = {isa = PBXFileReference; lastKnownFileType = file.storyboard; name = Base; path = Base.lproj/LaunchScreen.storyboard; sourceTree = "<group>"; };
		88500AAE1DAF1D2300102A35 /* Info.plist */ = {isa = PBXFileReference; lastKnownFileType = text.plist.xml; path = Info.plist; sourceTree = "<group>"; };
		88C5ACB61E164DB70044FDAA /* zh-Hans */ = {isa = PBXFileReference; lastKnownFileType = text.plist.strings; name = "zh-Hans"; path = "zh-Hans.lproj/LaunchScreen.strings"; sourceTree = "<group>"; };
		BBAC2B4988FE217511BB17F9 /* Pods-BKImagePicker.release.xcconfig */ = {isa = PBXFileReference; includeInIndex = 1; lastKnownFileType = text.xcconfig; name = "Pods-BKImagePicker.release.xcconfig"; path = "Pods/Target Support Files/Pods-BKImagePicker/Pods-BKImagePicker.release.xcconfig"; sourceTree = "<group>"; };
		E6286301F9838F771079782D /* libPods-BKImagePicker.a */ = {isa = PBXFileReference; explicitFileType = archive.ar; includeInIndex = 0; path = "libPods-BKImagePicker.a"; sourceTree = BUILT_PRODUCTS_DIR; };
/* End PBXFileReference section */

/* Begin PBXFrameworksBuildPhase section */
		88500A971DAF1D2300102A35 /* Frameworks */ = {
			isa = PBXFrameworksBuildPhase;
			buildActionMask = 2147483647;
			files = (
				CE6DF12AE088DF3BBF4F2BC3 /* libPods-BKImagePicker.a in Frameworks */,
			);
			runOnlyForDeploymentPostprocessing = 0;
		};
/* End PBXFrameworksBuildPhase section */

/* Begin PBXGroup section */
		2AFF47B121DB59880092BF45 /* BKImagePicker */ = {
			isa = PBXGroup;
			children = (
				2AFF47D621DB59880092BF45 /* Utils */,
				2AFF47B221DB59880092BF45 /* Extension */,
				2AFF480021DB59880092BF45 /* Base */,
				2AFF47E621DB59880092BF45 /* Resource */,
				2AFF47DC21DB59880092BF45 /* ImageModel */,
				2AFF47E121DB59880092BF45 /* Filter */,
				2AFF47BE21DB59880092BF45 /* Camera */,
				2AFF480321DB59880092BF45 /* ImageAlbum */,
				2AFF47E821DB59880092BF45 /* EditImage */,
				2AFF47BD21DB59880092BF45 /* BKImagePicker.h */,
				2AFF47DB21DB59880092BF45 /* BKImagePicker.m */,
			);
			path = BKImagePicker;
			sourceTree = "<group>";
		};
		2AFF47B221DB59880092BF45 /* Extension */ = {
			isa = PBXGroup;
			children = (
				2AFF486121DB5DA30092BF45 /* NSObject+BKImagePicker.h */,
				2AFF486021DB5DA30092BF45 /* NSObject+BKImagePicker.m */,
				2AFF486721DB5DA40092BF45 /* NSString+BKImagePicker.h */,
				2AFF485F21DB5DA30092BF45 /* NSString+BKImagePicker.m */,
				2AFF486E21DB5E6F0092BF45 /* NSAttributedString+BKImagePicker.h */,
				2AFF486F21DB5E6F0092BF45 /* NSAttributedString+BKImagePicker.m */,
				2AFF486221DB5DA40092BF45 /* UIBezierPath+BKImagePicker.h */,
				2AFF486421DB5DA40092BF45 /* UIBezierPath+BKImagePicker.m */,
				2AFF486821DB5DA40092BF45 /* UIImage+BKImagePicker.h */,
				2AFF486321DB5DA40092BF45 /* UIImage+BKImagePicker.m */,
				2AFF486521DB5DA40092BF45 /* UIView+BKImagePicker.h */,
				2AFF486621DB5DA40092BF45 /* UIView+BKImagePicker.m */,
			);
			path = Extension;
			sourceTree = "<group>";
		};
		2AFF47BE21DB59880092BF45 /* Camera */ = {
			isa = PBXGroup;
			children = (
				2AFF47BF21DB59880092BF45 /* Progress */,
				2AFF47C421DB59880092BF45 /* Camera */,
				2AFF47CD21DB59880092BF45 /* FocusRectangle */,
				2AFF47D021DB59880092BF45 /* Preview */,
				2AFF47D321DB59880092BF45 /* Shutter */,
			);
			path = Camera;
			sourceTree = "<group>";
		};
		2AFF47BF21DB59880092BF45 /* Progress */ = {
			isa = PBXGroup;
			children = (
				2AFF47C121DB59880092BF45 /* BKCameraRecordProgress.h */,
				2AFF47C321DB59880092BF45 /* BKCameraRecordProgress.m */,
				2AFF47C021DB59880092BF45 /* BKCameraRecordProgressModel.h */,
				2AFF47C221DB59880092BF45 /* BKCameraRecordProgressModel.m */,
			);
			path = Progress;
			sourceTree = "<group>";
		};
		2AFF47C421DB59880092BF45 /* Camera */ = {
			isa = PBXGroup;
			children = (
				2AFF47C521DB59880092BF45 /* BKCameraFilterView.h */,
				2AFF47C921DB59880092BF45 /* BKCameraFilterView.m */,
				2AFF47C621DB59880092BF45 /* BKCameraGradientShadow.h */,
				2AFF47CA21DB59880092BF45 /* BKCameraGradientShadow.m */,
				2AFF47CB21DB59880092BF45 /* BKCameraViewController.h */,
				2AFF47C721DB59880092BF45 /* BKCameraViewController.m */,
				2AFF47C821DB59880092BF45 /* BKCameraManager.h */,
				2AFF47CC21DB59880092BF45 /* BKCameraManager.m */,
			);
			path = Camera;
			sourceTree = "<group>";
		};
		2AFF47CD21DB59880092BF45 /* FocusRectangle */ = {
			isa = PBXGroup;
			children = (
				2AFF47CF21DB59880092BF45 /* BKCameraFocusRectangle.h */,
				2AFF47CE21DB59880092BF45 /* BKCameraFocusRectangle.m */,
			);
			path = FocusRectangle;
			sourceTree = "<group>";
		};
		2AFF47D021DB59880092BF45 /* Preview */ = {
			isa = PBXGroup;
			children = (
				2AFF47D121DB59880092BF45 /* BKCameraRecordVideoPreviewViewController.m */,
				2AFF47D221DB59880092BF45 /* BKCameraRecordVideoPreviewViewController.h */,
			);
			path = Preview;
			sourceTree = "<group>";
		};
		2AFF47D321DB59880092BF45 /* Shutter */ = {
			isa = PBXGroup;
			children = (
				2AFF47D421DB59880092BF45 /* BKCameraShutterBtn.m */,
				2AFF47D521DB59880092BF45 /* BKCameraShutterBtn.h */,
			);
			path = Shutter;
			sourceTree = "<group>";
		};
		2AFF47D621DB59880092BF45 /* Utils */ = {
			isa = PBXGroup;
			children = (
				2AFF487121DB68C20092BF45 /* GPUImageBeautifyFilter */,
				2AFF47D721DB59880092BF45 /* BKImagePickerInline.h */,
				2AFF47D821DB59880092BF45 /* BKImagePickerMacro.h */,
				2AFF47D921DB59880092BF45 /* BKImagePickerConstant.h */,
				2AFF47DA21DB59880092BF45 /* BKImagePickerConstant.m */,
			);
			path = Utils;
			sourceTree = "<group>";
		};
		2AFF47DC21DB59880092BF45 /* ImageModel */ = {
			isa = PBXGroup;
			children = (
				2AFF47DD21DB59880092BF45 /* BKImageModel.h */,
				2AFF47E021DB59880092BF45 /* BKImageModel.m */,
				2AFF47DF21DB59880092BF45 /* BKImageManageModel.h */,
				2AFF47DE21DB59880092BF45 /* BKImageManageModel.m */,
			);
			path = ImageModel;
			sourceTree = "<group>";
		};
		2AFF47E121DB59880092BF45 /* Filter */ = {
			isa = PBXGroup;
			children = (
				2AFF47E421DB59880092BF45 /* BKBeautifulSkinFilter.h */,
				2AFF47E221DB59880092BF45 /* BKBeautifulSkinFilter.m */,
				2AFF47E321DB59880092BF45 /* BKGPUImageBeautyFilter.h */,
				2AFF47E521DB59880092BF45 /* BKGPUImageBeautyFilter.m */,
			);
			path = Filter;
			sourceTree = "<group>";
		};
		2AFF47E621DB59880092BF45 /* Resource */ = {
			isa = PBXGroup;
			children = (
				2AFF47E721DB59880092BF45 /* BKImage.bundle */,
			);
			path = Resource;
			sourceTree = "<group>";
		};
		2AFF47E821DB59880092BF45 /* EditImage */ = {
			isa = PBXGroup;
			children = (
				2AFF47E921DB59880092BF45 /* Controller */,
				2AFF47EC21DB59880092BF45 /* Model */,
				2AFF47EF21DB59880092BF45 /* View */,
			);
			path = EditImage;
			sourceTree = "<group>";
		};
		2AFF47E921DB59880092BF45 /* Controller */ = {
			isa = PBXGroup;
			children = (
				2AFF47EA21DB59880092BF45 /* BKEditImageViewController.h */,
				2AFF47EB21DB59880092BF45 /* BKEditImageViewController.m */,
			);
			path = Controller;
			sourceTree = "<group>";
		};
		2AFF47EC21DB59880092BF45 /* Model */ = {
			isa = PBXGroup;
			children = (
				2AFF47ED21DB59880092BF45 /* BKEditImageDrawModel.m */,
				2AFF47EE21DB59880092BF45 /* BKEditImageDrawModel.h */,
			);
			path = Model;
			sourceTree = "<group>";
		};
		2AFF47EF21DB59880092BF45 /* View */ = {
			isa = PBXGroup;
			children = (
				2AFF47F021DB59880092BF45 /* BKEditImageWriteView.h */,
				2AFF47F121DB59880092BF45 /* BKEditImageBgView.h */,
				2AFF47F221DB59880092BF45 /* BKEditImagePreviewCollectionViewFlowLayout.m */,
				2AFF47F321DB59880092BF45 /* BKEditImageBottomView.h */,
				2AFF47F421DB59880092BF45 /* BKEditImageClipFrameView.m */,
				2AFF47F521DB59880092BF45 /* BKEditImagePreviewCollectionViewCell.h */,
				2AFF47F621DB59880092BF45 /* BKEditImageClipView.m */,
				2AFF47F721DB59880092BF45 /* BKEditImageDrawView.m */,
				2AFF47F821DB59880092BF45 /* BKEditImageWriteView.m */,
				2AFF47F921DB59880092BF45 /* BKEditImageBottomView.m */,
				2AFF47FA21DB59880092BF45 /* BKEditImagePreviewCollectionViewFlowLayout.h */,
				2AFF47FB21DB59880092BF45 /* BKEditImageBgView.m */,
				2AFF47FC21DB59880092BF45 /* BKEditImageClipFrameView.h */,
				2AFF47FD21DB59880092BF45 /* BKEditImageDrawView.h */,
				2AFF47FE21DB59880092BF45 /* BKEditImageClipView.h */,
				2AFF47FF21DB59880092BF45 /* BKEditImagePreviewCollectionViewCell.m */,
			);
			path = View;
			sourceTree = "<group>";
		};
		2AFF480021DB59880092BF45 /* Base */ = {
			isa = PBXGroup;
			children = (
				2AFF488421DB6A470092BF45 /* ViewController */,
				2AFF488121DB6A230092BF45 /* NavigationController */,
			);
			path = Base;
			sourceTree = "<group>";
		};
		2AFF480321DB59880092BF45 /* ImageAlbum */ = {
			isa = PBXGroup;
			children = (
				2AFF480421DB59880092BF45 /* ImagePicker */,
				2AFF481321DB59880092BF45 /* ImageAlbumList */,
				2AFF481D21DB59880092BF45 /* Preview */,
			);
			path = ImageAlbum;
			sourceTree = "<group>";
		};
		2AFF480421DB59880092BF45 /* ImagePicker */ = {
			isa = PBXGroup;
			children = (
				2AFF480521DB59880092BF45 /* Controller */,
				2AFF480821DB59880092BF45 /* View */,
			);
			path = ImagePicker;
			sourceTree = "<group>";
		};
		2AFF480521DB59880092BF45 /* Controller */ = {
			isa = PBXGroup;
			children = (
				2AFF480621DB59880092BF45 /* BKImagePickerViewController.h */,
				2AFF480721DB59880092BF45 /* BKImagePickerViewController.m */,
			);
			path = Controller;
			sourceTree = "<group>";
		};
		2AFF480821DB59880092BF45 /* View */ = {
			isa = PBXGroup;
			children = (
				2AFF480921DB59880092BF45 /* BKImageAlbumItemView.m */,
				2AFF480A21DB59880092BF45 /* BKImageOriginalButton.m */,
				2AFF480B21DB59880092BF45 /* BKImagePickerFooterCollectionReusableView.m */,
				2AFF480C21DB59880092BF45 /* BKImageAlbumItemSelectButton.m */,
				2AFF480D21DB59880092BF45 /* BKImagePickerCollectionViewCell.m */,
				2AFF480E21DB59880092BF45 /* BKImageOriginalButton.h */,
				2AFF480F21DB59880092BF45 /* BKImagePickerFooterCollectionReusableView.h */,
				2AFF481021DB59880092BF45 /* BKImageAlbumItemView.h */,
				2AFF481121DB59880092BF45 /* BKImagePickerCollectionViewCell.h */,
				2AFF481221DB59880092BF45 /* BKImageAlbumItemSelectButton.h */,
			);
			path = View;
			sourceTree = "<group>";
		};
		2AFF481321DB59880092BF45 /* ImageAlbumList */ = {
			isa = PBXGroup;
			children = (
				2AFF481421DB59880092BF45 /* Controller */,
				2AFF481721DB59880092BF45 /* Model */,
				2AFF481A21DB59880092BF45 /* View */,
			);
			path = ImageAlbumList;
			sourceTree = "<group>";
		};
		2AFF481421DB59880092BF45 /* Controller */ = {
			isa = PBXGroup;
			children = (
				2AFF481521DB59880092BF45 /* BKImageAlbumListViewController.h */,
				2AFF481621DB59880092BF45 /* BKImageAlbumListViewController.m */,
			);
			path = Controller;
			sourceTree = "<group>";
		};
		2AFF481721DB59880092BF45 /* Model */ = {
			isa = PBXGroup;
			children = (
				2AFF481821DB59880092BF45 /* BKImageAlbumListModel.h */,
				2AFF481921DB59880092BF45 /* BKImageAlbumListModel.m */,
			);
			path = Model;
			sourceTree = "<group>";
		};
		2AFF481A21DB59880092BF45 /* View */ = {
			isa = PBXGroup;
			children = (
				2AFF481B21DB59880092BF45 /* BKImageAlbumListTableViewCell.m */,
				2AFF481C21DB59880092BF45 /* BKImageAlbumListTableViewCell.h */,
			);
			path = View;
			sourceTree = "<group>";
		};
		2AFF481D21DB59880092BF45 /* Preview */ = {
			isa = PBXGroup;
			children = (
				2AFF481E21DB59880092BF45 /* Controller */,
				2AFF482321DB59880092BF45 /* Model */,
				2AFF482A21DB59880092BF45 /* View */,
			);
			path = Preview;
			sourceTree = "<group>";
		};
		2AFF481E21DB59880092BF45 /* Controller */ = {
			isa = PBXGroup;
			children = (
				2AFF481F21DB59880092BF45 /* BKImagePreviewViewController.m */,
				2AFF482021DB59880092BF45 /* BKVideoPreviewViewController.h */,
				2AFF482121DB59880092BF45 /* BKImagePreviewViewController.h */,
				2AFF482221DB59880092BF45 /* BKVideoPreviewViewController.m */,
			);
			path = Controller;
			sourceTree = "<group>";
		};
		2AFF482321DB59880092BF45 /* Model */ = {
			isa = PBXGroup;
			children = (
				2AFF482421DB59880092BF45 /* BKImagePreviewTransitionAnimater.h */,
				2AFF482521DB59880092BF45 /* BKImagePreviewInteractiveTransition.h */,
				2AFF482621DB59880092BF45 /* BKImagePreviewCollectionViewFlowLayout.h */,
				2AFF482721DB59880092BF45 /* BKImagePreviewTransitionAnimater.m */,
				2AFF482821DB59880092BF45 /* BKImagePreviewInteractiveTransition.m */,
				2AFF482921DB59880092BF45 /* BKImagePreviewCollectionViewFlowLayout.m */,
			);
			path = Model;
			sourceTree = "<group>";
		};
		2AFF482A21DB59880092BF45 /* View */ = {
			isa = PBXGroup;
			children = (
				2AFF482B21DB59880092BF45 /* BKImagePreviewCollectionViewCell.h */,
				2AFF482C21DB59880092BF45 /* BKImagePreviewCollectionViewCell.m */,
			);
			path = View;
			sourceTree = "<group>";
		};
		2AFF487121DB68C20092BF45 /* GPUImageBeautifyFilter */ = {
			isa = PBXGroup;
			children = (
				2AFF487321DB68C20092BF45 /* BKImagePickerGPUImageBeautifyFilter.h */,
				2AFF487221DB68C20092BF45 /* BKImagePickerGPUImageBeautifyFilter.m */,
			);
			path = GPUImageBeautifyFilter;
			sourceTree = "<group>";
		};
		2AFF487521DB69B80092BF45 /* BKTimer */ = {
			isa = PBXGroup;
			children = (
				2AFF487621DB69B80092BF45 /* BKTimer.m */,
				2AFF487721DB69B80092BF45 /* BKTimerModel.m */,
				2AFF487821DB69B80092BF45 /* BKTimer.h */,
				2AFF487921DB69B80092BF45 /* BKTimerModel.h */,
			);
			path = BKTimer;
			sourceTree = "<group>";
		};
		2AFF488121DB6A230092BF45 /* NavigationController */ = {
			isa = PBXGroup;
			children = (
				2AFF488B21DB6B320092BF45 /* BKNavigationController.h */,
				2AFF488D21DB6B330092BF45 /* BKNavigationController.m */,
				2AFF488E21DB6B330092BF45 /* UINavigationController+DSNavExtension.h */,
				2AFF488C21DB6B330092BF45 /* UINavigationController+DSNavExtension.m */,
				2AFF488F21DB6B340092BF45 /* UIViewController+DSNavExtension.h */,
				2AFF489021DB6B340092BF45 /* UIViewController+DSNavExtension.m */,
				2AFF489421DB6B410092BF45 /* DSPercentDrivenInteractiveTransition.h */,
				2AFF489521DB6B410092BF45 /* DSPercentDrivenInteractiveTransition.m */,
				2AFF489721DB6B420092BF45 /* DSTransitionAnimater.h */,
				2AFF489621DB6B420092BF45 /* DSTransitionAnimater.m */,
			);
			path = NavigationController;
			sourceTree = "<group>";
		};
		2AFF488421DB6A470092BF45 /* ViewController */ = {
			isa = PBXGroup;
			children = (
				2AFF488521DB6A470092BF45 /* BKImagePickerBaseViewController.h */,
				2AFF488721DB6A470092BF45 /* BKImagePickerBaseViewController.m */,
				2AFF488821DB6A470092BF45 /* BKImagePickerNavButton.h */,
				2AFF488621DB6A470092BF45 /* BKImagePickerNavButton.m */,
			);
			path = ViewController;
			sourceTree = "<group>";
		};
		88500A911DAF1D2300102A35 = {
			isa = PBXGroup;
			children = (
				88500A9C1DAF1D2300102A35 /* BKImagePicker */,
				88500A9B1DAF1D2300102A35 /* Products */,
				EFCDA71C2ECDA27DAFAC6C92 /* Pods */,
				A9E2C953519E0144CEE18D8C /* Frameworks */,
			);
			sourceTree = "<group>";
		};
		88500A9B1DAF1D2300102A35 /* Products */ = {
			isa = PBXGroup;
			children = (
				88500A9A1DAF1D2300102A35 /* BKImagePicker.app */,
			);
			name = Products;
			sourceTree = "<group>";
		};
		88500A9C1DAF1D2300102A35 /* BKImagePicker */ = {
			isa = PBXGroup;
			children = (
				2AFF487521DB69B80092BF45 /* BKTimer */,
				2AFF47B121DB59880092BF45 /* BKImagePicker */,
				88500AA01DAF1D2300102A35 /* AppDelegate.h */,
				88500AA11DAF1D2300102A35 /* AppDelegate.m */,
				88500AA31DAF1D2300102A35 /* ViewController.h */,
				88500AA41DAF1D2300102A35 /* ViewController.m */,
				88500AA91DAF1D2300102A35 /* Assets.xcassets */,
				88500AAB1DAF1D2300102A35 /* LaunchScreen.storyboard */,
				88500A9D1DAF1D2300102A35 /* Supporting Files */,
			);
			path = BKImagePicker;
			sourceTree = "<group>";
		};
		88500A9D1DAF1D2300102A35 /* Supporting Files */ = {
			isa = PBXGroup;
			children = (
				88500A9E1DAF1D2300102A35 /* main.m */,
				88500AAE1DAF1D2300102A35 /* Info.plist */,
			);
			name = "Supporting Files";
			sourceTree = "<group>";
		};
		A9E2C953519E0144CEE18D8C /* Frameworks */ = {
			isa = PBXGroup;
			children = (
				E6286301F9838F771079782D /* libPods-BKImagePicker.a */,
			);
			name = Frameworks;
			sourceTree = "<group>";
		};
		EFCDA71C2ECDA27DAFAC6C92 /* Pods */ = {
			isa = PBXGroup;
			children = (
				2B3A5BFEB31D6A39F63FD345 /* Pods-BKImagePicker.debug.xcconfig */,
				BBAC2B4988FE217511BB17F9 /* Pods-BKImagePicker.release.xcconfig */,
			);
			name = Pods;
			sourceTree = "<group>";
		};
/* End PBXGroup section */

/* Begin PBXNativeTarget section */
		88500A991DAF1D2300102A35 /* BKImagePicker */ = {
			isa = PBXNativeTarget;
			buildConfigurationList = 88500AB11DAF1D2300102A35 /* Build configuration list for PBXNativeTarget "BKImagePicker" */;
			buildPhases = (
				32CD1B2012DCAC070429E676 /* [CP] Check Pods Manifest.lock */,
				88500A961DAF1D2300102A35 /* Sources */,
				88500A971DAF1D2300102A35 /* Frameworks */,
				88500A981DAF1D2300102A35 /* Resources */,
				94CB9991615173828401D683 /* [CP] Copy Pods Resources */,
			);
			buildRules = (
			);
			dependencies = (
			);
			name = BKImagePicker;
			productName = BKImagePicker;
			productReference = 88500A9A1DAF1D2300102A35 /* BKImagePicker.app */;
			productType = "com.apple.product-type.application";
		};
/* End PBXNativeTarget section */

/* Begin PBXProject section */
		88500A921DAF1D2300102A35 /* Project object */ = {
			isa = PBXProject;
			attributes = {
				CLASSPREFIX = BK;
				LastUpgradeCheck = 0930;
				ORGANIZATIONNAME = BIKE;
				TargetAttributes = {
					88500A991DAF1D2300102A35 = {
						CreatedOnToolsVersion = 8.0;
						DevelopmentTeam = 779S864B3K;
						ProvisioningStyle = Automatic;
					};
				};
			};
			buildConfigurationList = 88500A951DAF1D2300102A35 /* Build configuration list for PBXProject "BKImagePicker" */;
			compatibilityVersion = "Xcode 3.2";
			developmentRegion = English;
			hasScannedForEncodings = 0;
			knownRegions = (
				en,
				Base,
				"zh-Hans",
			);
			mainGroup = 88500A911DAF1D2300102A35;
			productRefGroup = 88500A9B1DAF1D2300102A35 /* Products */;
			projectDirPath = "";
			projectRoot = "";
			targets = (
				88500A991DAF1D2300102A35 /* BKImagePicker */,
			);
		};
/* End PBXProject section */

/* Begin PBXResourcesBuildPhase section */
		88500A981DAF1D2300102A35 /* Resources */ = {
			isa = PBXResourcesBuildPhase;
			buildActionMask = 2147483647;
			files = (
				88500AAD1DAF1D2300102A35 /* LaunchScreen.storyboard in Resources */,
				88500AAA1DAF1D2300102A35 /* Assets.xcassets in Resources */,
				2AFF484121DB59880092BF45 /* BKImage.bundle in Resources */,
			);
			runOnlyForDeploymentPostprocessing = 0;
		};
/* End PBXResourcesBuildPhase section */

/* Begin PBXShellScriptBuildPhase section */
		32CD1B2012DCAC070429E676 /* [CP] Check Pods Manifest.lock */ = {
			isa = PBXShellScriptBuildPhase;
			buildActionMask = 2147483647;
			files = (
			);
			inputFileListPaths = (
			);
			inputPaths = (
				"${PODS_PODFILE_DIR_PATH}/Podfile.lock",
				"${PODS_ROOT}/Manifest.lock",
			);
			name = "[CP] Check Pods Manifest.lock";
			outputFileListPaths = (
			);
			outputPaths = (
				"$(DERIVED_FILE_DIR)/Pods-BKImagePicker-checkManifestLockResult.txt",
			);
			runOnlyForDeploymentPostprocessing = 0;
			shellPath = /bin/sh;
			shellScript = "diff \"${PODS_PODFILE_DIR_PATH}/Podfile.lock\" \"${PODS_ROOT}/Manifest.lock\" > /dev/null\nif [ $? != 0 ] ; then\n    # print error to STDERR\n    echo \"error: The sandbox is not in sync with the Podfile.lock. Run 'pod install' or update your CocoaPods installation.\" >&2\n    exit 1\nfi\n# This output is used by Xcode 'outputs' to avoid re-running this script phase.\necho \"SUCCESS\" > \"${SCRIPT_OUTPUT_FILE_0}\"\n";
			showEnvVarsInLog = 0;
		};
		94CB9991615173828401D683 /* [CP] Copy Pods Resources */ = {
			isa = PBXShellScriptBuildPhase;
			buildActionMask = 2147483647;
			files = (
			);
			inputFileListPaths = (
			);
			inputPaths = (
				"${SRCROOT}/Pods/Target Support Files/Pods-BKImagePicker/Pods-BKImagePicker-resources.sh",
				"${PODS_ROOT}/GPUImage/framework/Resources/lookup.png",
				"${PODS_ROOT}/GPUImage/framework/Resources/lookup_amatorka.png",
				"${PODS_ROOT}/GPUImage/framework/Resources/lookup_miss_etikate.png",
				"${PODS_ROOT}/GPUImage/framework/Resources/lookup_soft_elegance_1.png",
				"${PODS_ROOT}/GPUImage/framework/Resources/lookup_soft_elegance_2.png",
			);
			name = "[CP] Copy Pods Resources";
			outputFileListPaths = (
			);
			outputPaths = (
				"${TARGET_BUILD_DIR}/${UNLOCALIZED_RESOURCES_FOLDER_PATH}/lookup.png",
				"${TARGET_BUILD_DIR}/${UNLOCALIZED_RESOURCES_FOLDER_PATH}/lookup_amatorka.png",
				"${TARGET_BUILD_DIR}/${UNLOCALIZED_RESOURCES_FOLDER_PATH}/lookup_miss_etikate.png",
				"${TARGET_BUILD_DIR}/${UNLOCALIZED_RESOURCES_FOLDER_PATH}/lookup_soft_elegance_1.png",
				"${TARGET_BUILD_DIR}/${UNLOCALIZED_RESOURCES_FOLDER_PATH}/lookup_soft_elegance_2.png",
			);
			runOnlyForDeploymentPostprocessing = 0;
			shellPath = /bin/sh;
			shellScript = "\"${SRCROOT}/Pods/Target Support Files/Pods-BKImagePicker/Pods-BKImagePicker-resources.sh\"\n";
			showEnvVarsInLog = 0;
		};
/* End PBXShellScriptBuildPhase section */

/* Begin PBXSourcesBuildPhase section */
		88500A961DAF1D2300102A35 /* Sources */ = {
			isa = PBXSourcesBuildPhase;
			buildActionMask = 2147483647;
			files = (
				2AFF484421DB59880092BF45 /* BKEditImagePreviewCollectionViewFlowLayout.m in Sources */,
				2AFF483221DB59880092BF45 /* BKCameraRecordProgressModel.m in Sources */,
				2AFF485A21DB59890092BF45 /* BKImagePreviewCollectionViewFlowLayout.m in Sources */,
				2AFF483921DB59880092BF45 /* BKCameraRecordVideoPreviewViewController.m in Sources */,
				2AFF484921DB59880092BF45 /* BKEditImageBottomView.m in Sources */,
				2AFF483F21DB59880092BF45 /* BKBeautifulSkinFilter.m in Sources */,
				2AFF483521DB59880092BF45 /* BKCameraFilterView.m in Sources */,
				2AFF484021DB59880092BF45 /* BKGPUImageBeautyFilter.m in Sources */,
				2AFF484A21DB59880092BF45 /* BKEditImageBgView.m in Sources */,
				2AFF485121DB59890092BF45 /* BKImageAlbumItemSelectButton.m in Sources */,
				2AFF487A21DB69B80092BF45 /* BKTimer.m in Sources */,
				2AFF483721DB59880092BF45 /* BKCameraManager.m in Sources */,
				2AFF487021DB5E6F0092BF45 /* NSAttributedString+BKImagePicker.m in Sources */,
				2AFF487421DB68C20092BF45 /* BKImagePickerGPUImageBeautifyFilter.m in Sources */,
				2AFF485221DB59890092BF45 /* BKImagePickerCollectionViewCell.m in Sources */,
				2AFF485521DB59890092BF45 /* BKImageAlbumListTableViewCell.m in Sources */,
				2AFF485821DB59890092BF45 /* BKImagePreviewTransitionAnimater.m in Sources */,
				2AFF483D21DB59880092BF45 /* BKImageManageModel.m in Sources */,
				2AFF483C21DB59880092BF45 /* BKImagePicker.m in Sources */,
				2AFF483621DB59880092BF45 /* BKCameraGradientShadow.m in Sources */,
				2AFF485721DB59890092BF45 /* BKVideoPreviewViewController.m in Sources */,
				2AFF483E21DB59880092BF45 /* BKImageModel.m in Sources */,
				2AFF484221DB59880092BF45 /* BKEditImageViewController.m in Sources */,
				2AFF486A21DB5DA40092BF45 /* NSObject+BKImagePicker.m in Sources */,
				2AFF489821DB6B420092BF45 /* DSPercentDrivenInteractiveTransition.m in Sources */,
				2AFF484D21DB59880092BF45 /* BKImagePickerViewController.m in Sources */,
				2AFF484E21DB59880092BF45 /* BKImageAlbumItemView.m in Sources */,
				2AFF485321DB59890092BF45 /* BKImageAlbumListViewController.m in Sources */,
				2AFF488921DB6A470092BF45 /* BKImagePickerNavButton.m in Sources */,
				2AFF486C21DB5DA40092BF45 /* UIBezierPath+BKImagePicker.m in Sources */,
				2AFF489121DB6B340092BF45 /* UINavigationController+DSNavExtension.m in Sources */,
				2AFF484621DB59880092BF45 /* BKEditImageClipView.m in Sources */,
				2AFF489921DB6B420092BF45 /* DSTransitionAnimater.m in Sources */,
				2AFF485921DB59890092BF45 /* BKImagePreviewInteractiveTransition.m in Sources */,
				2AFF485621DB59890092BF45 /* BKImagePreviewViewController.m in Sources */,
				2AFF486B21DB5DA40092BF45 /* UIImage+BKImagePicker.m in Sources */,
				2AFF483B21DB59880092BF45 /* BKImagePickerConstant.m in Sources */,
				88500AA51DAF1D2300102A35 /* ViewController.m in Sources */,
				2AFF483421DB59880092BF45 /* BKCameraViewController.m in Sources */,
				2AFF488A21DB6A470092BF45 /* BKImagePickerBaseViewController.m in Sources */,
				2AFF489221DB6B340092BF45 /* BKNavigationController.m in Sources */,
				88500AA21DAF1D2300102A35 /* AppDelegate.m in Sources */,
				2AFF483321DB59880092BF45 /* BKCameraRecordProgress.m in Sources */,
				2AFF484821DB59880092BF45 /* BKEditImageWriteView.m in Sources */,
				2AFF484321DB59880092BF45 /* BKEditImageDrawModel.m in Sources */,
				2AFF485021DB59880092BF45 /* BKImagePickerFooterCollectionReusableView.m in Sources */,
				88500A9F1DAF1D2300102A35 /* main.m in Sources */,
				2AFF484F21DB59880092BF45 /* BKImageOriginalButton.m in Sources */,
				2AFF489321DB6B340092BF45 /* UIViewController+DSNavExtension.m in Sources */,
				2AFF487B21DB69B80092BF45 /* BKTimerModel.m in Sources */,
				2AFF485421DB59890092BF45 /* BKImageAlbumListModel.m in Sources */,
				2AFF484521DB59880092BF45 /* BKEditImageClipFrameView.m in Sources */,
				2AFF485B21DB59890092BF45 /* BKImagePreviewCollectionViewCell.m in Sources */,
				2AFF484B21DB59880092BF45 /* BKEditImagePreviewCollectionViewCell.m in Sources */,
				2AFF486921DB5DA40092BF45 /* NSString+BKImagePicker.m in Sources */,
				2AFF483821DB59880092BF45 /* BKCameraFocusRectangle.m in Sources */,
				2AFF486D21DB5DA40092BF45 /* UIView+BKImagePicker.m in Sources */,
				2AFF484721DB59880092BF45 /* BKEditImageDrawView.m in Sources */,
				2AFF483A21DB59880092BF45 /* BKCameraShutterBtn.m in Sources */,
			);
			runOnlyForDeploymentPostprocessing = 0;
		};
/* End PBXSourcesBuildPhase section */

/* Begin PBXVariantGroup section */
		88500AAB1DAF1D2300102A35 /* LaunchScreen.storyboard */ = {
			isa = PBXVariantGroup;
			children = (
				88500AAC1DAF1D2300102A35 /* Base */,
				88C5ACB61E164DB70044FDAA /* zh-Hans */,
			);
			name = LaunchScreen.storyboard;
			sourceTree = "<group>";
		};
/* End PBXVariantGroup section */

/* Begin XCBuildConfiguration section */
		88500AAF1DAF1D2300102A35 /* Debug */ = {
			isa = XCBuildConfiguration;
			buildSettings = {
				ALWAYS_SEARCH_USER_PATHS = NO;
				CLANG_ANALYZER_LOCALIZABILITY_NONLOCALIZED = YES;
				CLANG_ANALYZER_NONNULL = YES;
				CLANG_CXX_LANGUAGE_STANDARD = "gnu++0x";
				CLANG_CXX_LIBRARY = "libc++";
				CLANG_ENABLE_MODULES = YES;
				CLANG_ENABLE_OBJC_ARC = YES;
				CLANG_WARN_BLOCK_CAPTURE_AUTORELEASING = YES;
				CLANG_WARN_BOOL_CONVERSION = YES;
				CLANG_WARN_COMMA = YES;
				CLANG_WARN_CONSTANT_CONVERSION = YES;
				CLANG_WARN_DEPRECATED_OBJC_IMPLEMENTATIONS = YES;
				CLANG_WARN_DIRECT_OBJC_ISA_USAGE = YES_ERROR;
				CLANG_WARN_DOCUMENTATION_COMMENTS = YES;
				CLANG_WARN_EMPTY_BODY = YES;
				CLANG_WARN_ENUM_CONVERSION = YES;
				CLANG_WARN_INFINITE_RECURSION = YES;
				CLANG_WARN_INT_CONVERSION = YES;
				CLANG_WARN_NON_LITERAL_NULL_CONVERSION = YES;
				CLANG_WARN_OBJC_IMPLICIT_RETAIN_SELF = YES;
				CLANG_WARN_OBJC_LITERAL_CONVERSION = YES;
				CLANG_WARN_OBJC_ROOT_CLASS = YES_ERROR;
				CLANG_WARN_RANGE_LOOP_ANALYSIS = YES;
				CLANG_WARN_STRICT_PROTOTYPES = YES;
				CLANG_WARN_SUSPICIOUS_MOVE = YES;
				CLANG_WARN_SUSPICIOUS_MOVES = YES;
				CLANG_WARN_UNREACHABLE_CODE = YES;
				CLANG_WARN__DUPLICATE_METHOD_MATCH = YES;
				"CODE_SIGN_IDENTITY[sdk=iphoneos*]" = "iPhone Developer";
				COPY_PHASE_STRIP = NO;
				DEBUG_INFORMATION_FORMAT = dwarf;
				ENABLE_STRICT_OBJC_MSGSEND = YES;
				ENABLE_TESTABILITY = YES;
				GCC_C_LANGUAGE_STANDARD = gnu99;
				GCC_DYNAMIC_NO_PIC = NO;
				GCC_NO_COMMON_BLOCKS = YES;
				GCC_OPTIMIZATION_LEVEL = 0;
				GCC_PREPROCESSOR_DEFINITIONS = (
					"DEBUG=1",
					"$(inherited)",
				);
				GCC_WARN_64_TO_32_BIT_CONVERSION = YES;
				GCC_WARN_ABOUT_RETURN_TYPE = YES_ERROR;
				GCC_WARN_UNDECLARED_SELECTOR = YES;
				GCC_WARN_UNINITIALIZED_AUTOS = YES_AGGRESSIVE;
				GCC_WARN_UNUSED_FUNCTION = YES;
				GCC_WARN_UNUSED_VARIABLE = YES;
				IPHONEOS_DEPLOYMENT_TARGET = 8.0;
				MTL_ENABLE_DEBUG_INFO = YES;
				ONLY_ACTIVE_ARCH = YES;
				SDKROOT = iphoneos;
			};
			name = Debug;
		};
		88500AB01DAF1D2300102A35 /* Release */ = {
			isa = XCBuildConfiguration;
			buildSettings = {
				ALWAYS_SEARCH_USER_PATHS = NO;
				CLANG_ANALYZER_LOCALIZABILITY_NONLOCALIZED = YES;
				CLANG_ANALYZER_NONNULL = YES;
				CLANG_CXX_LANGUAGE_STANDARD = "gnu++0x";
				CLANG_CXX_LIBRARY = "libc++";
				CLANG_ENABLE_MODULES = YES;
				CLANG_ENABLE_OBJC_ARC = YES;
				CLANG_WARN_BLOCK_CAPTURE_AUTORELEASING = YES;
				CLANG_WARN_BOOL_CONVERSION = YES;
				CLANG_WARN_COMMA = YES;
				CLANG_WARN_CONSTANT_CONVERSION = YES;
				CLANG_WARN_DEPRECATED_OBJC_IMPLEMENTATIONS = YES;
				CLANG_WARN_DIRECT_OBJC_ISA_USAGE = YES_ERROR;
				CLANG_WARN_DOCUMENTATION_COMMENTS = YES;
				CLANG_WARN_EMPTY_BODY = YES;
				CLANG_WARN_ENUM_CONVERSION = YES;
				CLANG_WARN_INFINITE_RECURSION = YES;
				CLANG_WARN_INT_CONVERSION = YES;
				CLANG_WARN_NON_LITERAL_NULL_CONVERSION = YES;
				CLANG_WARN_OBJC_IMPLICIT_RETAIN_SELF = YES;
				CLANG_WARN_OBJC_LITERAL_CONVERSION = YES;
				CLANG_WARN_OBJC_ROOT_CLASS = YES_ERROR;
				CLANG_WARN_RANGE_LOOP_ANALYSIS = YES;
				CLANG_WARN_STRICT_PROTOTYPES = YES;
				CLANG_WARN_SUSPICIOUS_MOVE = YES;
				CLANG_WARN_SUSPICIOUS_MOVES = YES;
				CLANG_WARN_UNREACHABLE_CODE = YES;
				CLANG_WARN__DUPLICATE_METHOD_MATCH = YES;
				"CODE_SIGN_IDENTITY[sdk=iphoneos*]" = "iPhone Developer";
				COPY_PHASE_STRIP = NO;
				DEBUG_INFORMATION_FORMAT = "dwarf-with-dsym";
				ENABLE_NS_ASSERTIONS = NO;
				ENABLE_STRICT_OBJC_MSGSEND = YES;
				GCC_C_LANGUAGE_STANDARD = gnu99;
				GCC_NO_COMMON_BLOCKS = YES;
				GCC_WARN_64_TO_32_BIT_CONVERSION = YES;
				GCC_WARN_ABOUT_RETURN_TYPE = YES_ERROR;
				GCC_WARN_UNDECLARED_SELECTOR = YES;
				GCC_WARN_UNINITIALIZED_AUTOS = YES_AGGRESSIVE;
				GCC_WARN_UNUSED_FUNCTION = YES;
				GCC_WARN_UNUSED_VARIABLE = YES;
				IPHONEOS_DEPLOYMENT_TARGET = 8.0;
				MTL_ENABLE_DEBUG_INFO = NO;
				SDKROOT = iphoneos;
				VALIDATE_PRODUCT = YES;
			};
			name = Release;
		};
		88500AB21DAF1D2300102A35 /* Debug */ = {
			isa = XCBuildConfiguration;
			baseConfigurationReference = 2B3A5BFEB31D6A39F63FD345 /* Pods-BKImagePicker.debug.xcconfig */;
			buildSettings = {
				ASSETCATALOG_COMPILER_APPICON_NAME = AppIcon;
				"CODE_SIGN_IDENTITY[sdk=iphoneos*]" = "iPhone Developer";
				DEVELOPMENT_TEAM = 779S864B3K;
				INFOPLIST_FILE = BKImagePicker/Info.plist;
				IPHONEOS_DEPLOYMENT_TARGET = 8.0;
				LD_RUNPATH_SEARCH_PATHS = "$(inherited) @executable_path/Frameworks";
				PRODUCT_BUNDLE_IDENTIFIER = BIKE.BKImagePicker;
				PRODUCT_NAME = "$(TARGET_NAME)";
				PROVISIONING_PROFILE = "";
				PROVISIONING_PROFILE_SPECIFIER = "";
			};
			name = Debug;
		};
		88500AB31DAF1D2300102A35 /* Release */ = {
			isa = XCBuildConfiguration;
			baseConfigurationReference = BBAC2B4988FE217511BB17F9 /* Pods-BKImagePicker.release.xcconfig */;
			buildSettings = {
				ASSETCATALOG_COMPILER_APPICON_NAME = AppIcon;
				"CODE_SIGN_IDENTITY[sdk=iphoneos*]" = "iPhone Developer";
				DEVELOPMENT_TEAM = 779S864B3K;
				INFOPLIST_FILE = BKImagePicker/Info.plist;
				IPHONEOS_DEPLOYMENT_TARGET = 8.0;
				LD_RUNPATH_SEARCH_PATHS = "$(inherited) @executable_path/Frameworks";
				PRODUCT_BUNDLE_IDENTIFIER = BIKE.BKImagePicker;
				PRODUCT_NAME = "$(TARGET_NAME)";
			};
			name = Release;
		};
/* End XCBuildConfiguration section */

/* Begin XCConfigurationList section */
		88500A951DAF1D2300102A35 /* Build configuration list for PBXProject "BKImagePicker" */ = {
			isa = XCConfigurationList;
			buildConfigurations = (
				88500AAF1DAF1D2300102A35 /* Debug */,
				88500AB01DAF1D2300102A35 /* Release */,
			);
			defaultConfigurationIsVisible = 0;
			defaultConfigurationName = Release;
		};
		88500AB11DAF1D2300102A35 /* Build configuration list for PBXNativeTarget "BKImagePicker" */ = {
			isa = XCConfigurationList;
			buildConfigurations = (
				88500AB21DAF1D2300102A35 /* Debug */,
				88500AB31DAF1D2300102A35 /* Release */,
			);
			defaultConfigurationIsVisible = 0;
			defaultConfigurationName = Release;
		};
/* End XCConfigurationList section */
	};
	rootObject = 88500A921DAF1D2300102A35 /* Project object */;
}
